{
  "version": 4,
  "terraform_version": "1.12.2",
  "serial": 122,
  "lineage": "1b8b0252-b298-e762-6306-73646a0dbbe4",
  "outputs": {},
  "resources": [
    {
      "mode": "managed",
      "type": "google_compute_firewall",
      "name": "allow_game_tcp",
      "provider": "provider[\"registry.terraform.io/hashicorp/google\"]",
      "instances": [
        {
          "schema_version": 1,
          "attributes": {
            "allow": [
              {
                "ports": [
                  "7000-8000"
                ],
                "protocol": "tcp"
              }
            ],
            "creation_timestamp": "2025-07-16T05:45:30.487-07:00",
            "deny": [],
            "description": "",
            "destination_ranges": [],
            "direction": "INGRESS",
            "disabled": false,
            "enable_logging": null,
            "id": "projects/game-465613/global/firewalls/allow-game-tcp",
            "log_config": [],
            "name": "allow-game-tcp",
            "network": "https://www.googleapis.com/compute/v1/projects/game-465613/global/networks/game-vpc",
            "priority": 1000,
            "project": "game-465613",
            "self_link": "https://www.googleapis.com/compute/v1/projects/game-465613/global/firewalls/allow-game-tcp",
            "source_ranges": [
              "0.0.0.0/0"
            ],
            "source_service_accounts": [],
            "source_tags": [],
            "target_service_accounts": [],
            "target_tags": [
              "game-server"
            ],
            "timeouts": null
          },
          "sensitive_attributes": [],
          "identity_schema_version": 0,
          "private": "eyJlMmJmYjczMC1lY2FhLTExZTYtOGY4OC0zNDM2M2JjN2M0YzAiOnsiY3JlYXRlIjoxMjAwMDAwMDAwMDAwLCJkZWxldGUiOjEyMDAwMDAwMDAwMDAsInVwZGF0ZSI6MTIwMDAwMDAwMDAwMH0sInNjaGVtYV92ZXJzaW9uIjoiMSJ9",
          "dependencies": [
            "google_compute_network.game_vpc"
          ]
        }
      ]
    },
    {
      "mode": "managed",
      "type": "google_compute_firewall",
      "name": "allow_internal",
      "provider": "provider[\"registry.terraform.io/hashicorp/google\"]",
      "instances": [
        {
          "schema_version": 1,
          "attributes": {
            "allow": [
              {
                "ports": [],
                "protocol": "all"
              }
            ],
            "creation_timestamp": "2025-07-16T05:45:30.942-07:00",
            "deny": [],
            "description": "",
            "destination_ranges": [],
            "direction": "INGRESS",
            "disabled": false,
            "enable_logging": null,
            "id": "projects/game-465613/global/firewalls/allow-internal",
            "log_config": [],
            "name": "allow-internal",
            "network": "https://www.googleapis.com/compute/v1/projects/game-465613/global/networks/game-vpc",
            "priority": 1000,
            "project": "game-465613",
            "self_link": "https://www.googleapis.com/compute/v1/projects/game-465613/global/firewalls/allow-internal",
            "source_ranges": [
              "10.10.1.0/24",
              "10.20.0.0/16",
              "10.30.0.0/20"
            ],
            "source_service_accounts": [],
            "source_tags": [],
            "target_service_accounts": [],
            "target_tags": [],
            "timeouts": null
          },
          "sensitive_attributes": [],
          "identity_schema_version": 0,
          "private": "eyJlMmJmYjczMC1lY2FhLTExZTYtOGY4OC0zNDM2M2JjN2M0YzAiOnsiY3JlYXRlIjoxMjAwMDAwMDAwMDAwLCJkZWxldGUiOjEyMDAwMDAwMDAwMDAsInVwZGF0ZSI6MTIwMDAwMDAwMDAwMH0sInNjaGVtYV92ZXJzaW9uIjoiMSJ9",
          "dependencies": [
            "google_compute_network.game_vpc",
            "google_compute_subnetwork.game_subnet"
          ]
        }
      ]
    },
    {
      "mode": "managed",
      "type": "google_compute_firewall",
      "name": "allow_nodeports",
      "provider": "provider[\"registry.terraform.io/hashicorp/google\"]",
      "instances": [
        {
          "schema_version": 1,
          "attributes": {
            "allow": [
              {
                "ports": [
                  "30000-32767"
                ],
                "protocol": "tcp"
              }
            ],
            "creation_timestamp": "2025-07-16T10:19:30.516-07:00",
            "deny": [],
            "description": "",
            "destination_ranges": [],
            "direction": "INGRESS",
            "disabled": false,
            "enable_logging": null,
            "id": "projects/game-465613/global/firewalls/allow-nodeports",
            "log_config": [],
            "name": "allow-nodeports",
            "network": "https://www.googleapis.com/compute/v1/projects/game-465613/global/networks/game-vpc",
            "priority": 1000,
            "project": "game-465613",
            "self_link": "https://www.googleapis.com/compute/v1/projects/game-465613/global/firewalls/allow-nodeports",
            "source_ranges": [
              "0.0.0.0/0"
            ],
            "source_service_accounts": [],
            "source_tags": [],
            "target_service_accounts": [],
            "target_tags": [
              "test-node"
            ],
            "timeouts": null
          },
          "sensitive_attributes": [],
          "identity_schema_version": 0,
          "private": "eyJlMmJmYjczMC1lY2FhLTExZTYtOGY4OC0zNDM2M2JjN2M0YzAiOnsiY3JlYXRlIjoxMjAwMDAwMDAwMDAwLCJkZWxldGUiOjEyMDAwMDAwMDAwMDAsInVwZGF0ZSI6MTIwMDAwMDAwMDAwMH0sInNjaGVtYV92ZXJzaW9uIjoiMSJ9",
          "dependencies": [
            "google_compute_network.game_vpc"
          ]
        }
      ]
    },
    {
      "mode": "managed",
      "type": "google_compute_firewall",
      "name": "allow_websocket",
      "provider": "provider[\"registry.terraform.io/hashicorp/google\"]",
      "instances": [
        {
          "schema_version": 1,
          "attributes": {
            "allow": [
              {
                "ports": [
                  "80",
                  "443"
                ],
                "protocol": "tcp"
              }
            ],
            "creation_timestamp": "2025-07-16T05:45:30.931-07:00",
            "deny": [],
            "description": "",
            "destination_ranges": [],
            "direction": "INGRESS",
            "disabled": false,
            "enable_logging": null,
            "id": "projects/game-465613/global/firewalls/allow-websocket",
            "log_config": [],
            "name": "allow-websocket",
            "network": "https://www.googleapis.com/compute/v1/projects/game-465613/global/networks/game-vpc",
            "priority": 1000,
            "project": "game-465613",
            "self_link": "https://www.googleapis.com/compute/v1/projects/game-465613/global/firewalls/allow-websocket",
            "source_ranges": [
              "0.0.0.0/0"
            ],
            "source_service_accounts": [],
            "source_tags": [],
            "target_service_accounts": [],
            "target_tags": [
              "matchmaking"
            ],
            "timeouts": null
          },
          "sensitive_attributes": [],
          "identity_schema_version": 0,
          "private": "eyJlMmJmYjczMC1lY2FhLTExZTYtOGY4OC0zNDM2M2JjN2M0YzAiOnsiY3JlYXRlIjoxMjAwMDAwMDAwMDAwLCJkZWxldGUiOjEyMDAwMDAwMDAwMDAsInVwZGF0ZSI6MTIwMDAwMDAwMDAwMH0sInNjaGVtYV92ZXJzaW9uIjoiMSJ9",
          "dependencies": [
            "google_compute_network.game_vpc"
          ]
        }
      ]
    },
    {
      "mode": "managed",
      "type": "google_compute_network",
      "name": "game_vpc",
      "provider": "provider[\"registry.terraform.io/hashicorp/google\"]",
      "instances": [
        {
          "schema_version": 0,
          "attributes": {
            "auto_create_subnetworks": false,
            "delete_default_routes_on_create": false,
            "description": "VPC for game platform components",
            "enable_ula_internal_ipv6": false,
            "gateway_ipv4": "",
            "id": "projects/game-465613/global/networks/game-vpc",
            "internal_ipv6_range": "",
            "mtu": 0,
            "name": "game-vpc",
            "network_firewall_policy_enforcement_order": "AFTER_CLASSIC_FIREWALL",
            "numeric_id": "6805762595708609085",
            "project": "game-465613",
            "routing_mode": "REGIONAL",
            "self_link": "https://www.googleapis.com/compute/v1/projects/game-465613/global/networks/game-vpc",
            "timeouts": null
          },
          "sensitive_attributes": [],
          "identity_schema_version": 0,
          "private": "eyJlMmJmYjczMC1lY2FhLTExZTYtOGY4OC0zNDM2M2JjN2M0YzAiOnsiY3JlYXRlIjoxMjAwMDAwMDAwMDAwLCJkZWxldGUiOjEyMDAwMDAwMDAwMDAsInVwZGF0ZSI6MTIwMDAwMDAwMDAwMH19"
        }
      ]
    },
    {
      "mode": "managed",
      "type": "google_compute_router",
      "name": "nat_router",
      "provider": "provider[\"registry.terraform.io/hashicorp/google\"]",
      "instances": [
        {
          "schema_version": 0,
          "attributes": {
            "bgp": [],
            "creation_timestamp": "2025-07-16T05:36:59.488-07:00",
            "description": "",
            "encrypted_interconnect_router": false,
            "id": "projects/game-465613/regions/europe-central2/routers/game-nat-router",
            "name": "game-nat-router",
            "network": "https://www.googleapis.com/compute/v1/projects/game-465613/global/networks/game-vpc",
            "project": "game-465613",
            "region": "europe-central2",
            "self_link": "https://www.googleapis.com/compute/v1/projects/game-465613/regions/europe-central2/routers/game-nat-router",
            "timeouts": null
          },
          "sensitive_attributes": [],
          "identity_schema_version": 0,
          "private": "eyJlMmJmYjczMC1lY2FhLTExZTYtOGY4OC0zNDM2M2JjN2M0YzAiOnsiY3JlYXRlIjoxMjAwMDAwMDAwMDAwLCJkZWxldGUiOjEyMDAwMDAwMDAwMDAsInVwZGF0ZSI6MTIwMDAwMDAwMDAwMH19",
          "dependencies": [
            "google_compute_network.game_vpc"
          ]
        }
      ]
    },
    {
      "mode": "managed",
      "type": "google_compute_router_nat",
      "name": "game_nat",
      "provider": "provider[\"registry.terraform.io/hashicorp/google\"]",
      "instances": [
        {
          "schema_version": 0,
          "attributes": {
            "auto_network_tier": "PREMIUM",
            "drain_nat_ips": [],
            "enable_dynamic_port_allocation": false,
            "enable_endpoint_independent_mapping": false,
            "endpoint_types": [
              "ENDPOINT_TYPE_VM"
            ],
            "icmp_idle_timeout_sec": 30,
            "id": "game-465613/europe-central2/game-nat-router/game-platform-nat",
            "log_config": [
              {
                "enable": true,
                "filter": "ERRORS_ONLY"
              }
            ],
            "max_ports_per_vm": 0,
            "min_ports_per_vm": 0,
            "name": "game-platform-nat",
            "nat_ip_allocate_option": "AUTO_ONLY",
            "nat_ips": [],
            "project": "game-465613",
            "region": "europe-central2",
            "router": "game-nat-router",
            "rules": [],
            "source_subnetwork_ip_ranges_to_nat": "ALL_SUBNETWORKS_ALL_IP_RANGES",
            "subnetwork": [],
            "tcp_established_idle_timeout_sec": 1200,
            "tcp_time_wait_timeout_sec": 120,
            "tcp_transitory_idle_timeout_sec": 30,
            "timeouts": null,
            "udp_idle_timeout_sec": 30
          },
          "sensitive_attributes": [],
          "identity_schema_version": 0,
          "private": "eyJlMmJmYjczMC1lY2FhLTExZTYtOGY4OC0zNDM2M2JjN2M0YzAiOnsiY3JlYXRlIjoxMjAwMDAwMDAwMDAwLCJkZWxldGUiOjEyMDAwMDAwMDAwMDAsInVwZGF0ZSI6MTIwMDAwMDAwMDAwMH19",
          "dependencies": [
            "google_compute_network.game_vpc",
            "google_compute_router.nat_router"
          ]
        }
      ]
    },
    {
      "mode": "managed",
      "type": "google_compute_subnetwork",
      "name": "game_subnet",
      "provider": "provider[\"registry.terraform.io/hashicorp/google\"]",
      "instances": [
        {
          "schema_version": 0,
          "attributes": {
            "creation_timestamp": "2025-07-16T05:37:00.071-07:00",
            "description": "",
            "external_ipv6_prefix": "",
            "fingerprint": null,
            "gateway_address": "10.10.1.1",
            "id": "projects/game-465613/regions/europe-central2/subnetworks/game-subnet",
            "internal_ipv6_prefix": "",
            "ip_cidr_range": "10.10.1.0/24",
            "ipv6_access_type": "",
            "ipv6_cidr_range": "",
            "log_config": [],
            "name": "game-subnet",
            "network": "https://www.googleapis.com/compute/v1/projects/game-465613/global/networks/game-vpc",
            "private_ip_google_access": true,
            "private_ipv6_google_access": "DISABLE_GOOGLE_ACCESS",
            "project": "game-465613",
            "purpose": "PRIVATE",
            "region": "europe-central2",
            "role": "",
            "secondary_ip_range": [
              {
                "ip_cidr_range": "10.20.0.0/16",
                "range_name": "pods"
              },
              {
                "ip_cidr_range": "10.30.0.0/20",
                "range_name": "services"
              }
            ],
            "self_link": "https://www.googleapis.com/compute/v1/projects/game-465613/regions/europe-central2/subnetworks/game-subnet",
            "send_secondary_ip_range_if_empty": null,
            "stack_type": "IPV4_ONLY",
            "timeouts": null
          },
          "sensitive_attributes": [],
          "identity_schema_version": 0,
          "private": "eyJlMmJmYjczMC1lY2FhLTExZTYtOGY4OC0zNDM2M2JjN2M0YzAiOnsiY3JlYXRlIjoxMjAwMDAwMDAwMDAwLCJkZWxldGUiOjEyMDAwMDAwMDAwMDAsInVwZGF0ZSI6MTIwMDAwMDAwMDAwMH19",
          "dependencies": [
            "google_compute_network.game_vpc"
          ]
        }
      ]
    },
    {
      "mode": "managed",
      "type": "google_container_cluster",
      "name": "test_cluster",
      "provider": "provider[\"registry.terraform.io/hashicorp/google\"]",
      "instances": [
        {
          "schema_version": 2,
          "attributes": {
            "addons_config": [
              {
                "cloudrun_config": [],
                "config_connector_config": [],
                "dns_cache_config": [],
                "gce_persistent_disk_csi_driver_config": [
                  {
                    "enabled": true
                  }
                ],
                "gcp_filestore_csi_driver_config": [],
                "gcs_fuse_csi_driver_config": [],
                "gke_backup_agent_config": [],
                "horizontal_pod_autoscaling": [
                  {
                    "disabled": true
                  }
                ],
                "http_load_balancing": [
                  {
                    "disabled": true
                  }
                ],
                "network_policy_config": [
                  {
                    "disabled": true
                  }
                ],
                "ray_operator_config": [],
                "stateful_ha_config": []
              }
            ],
            "allow_net_admin": null,
            "authenticator_groups_config": [],
            "binary_authorization": [
              {
                "enabled": false,
                "evaluation_mode": ""
              }
            ],
            "cluster_autoscaling": [
              {
                "auto_provisioning_defaults": [],
                "auto_provisioning_locations": [],
                "autoscaling_profile": "BALANCED",
                "enabled": false,
                "resource_limits": []
              }
            ],
            "cluster_ipv4_cidr": "10.20.0.0/16",
            "confidential_nodes": [],
            "cost_management_config": [],
            "database_encryption": [
              {
                "key_name": "",
                "state": "DECRYPTED"
              }
            ],
            "datapath_provider": "",
            "default_max_pods_per_node": 110,
            "default_snat_status": [
              {
                "disabled": false
              }
            ],
            "deletion_protection": false,
            "description": "",
            "dns_config": [],
            "enable_autopilot": false,
            "enable_cilium_clusterwide_network_policy": false,
            "enable_intranode_visibility": false,
            "enable_k8s_beta_apis": [],
            "enable_kubernetes_alpha": false,
            "enable_l4_ilb_subsetting": false,
            "enable_legacy_abac": false,
            "enable_multi_networking": false,
            "enable_shielded_nodes": true,
            "enable_tpu": false,
            "endpoint": "34.116.174.253",
            "fleet": [],
            "gateway_api_config": [],
            "id": "projects/game-465613/locations/europe-central2-a/clusters/network-test-cluster",
            "identity_service_config": [],
            "initial_node_count": 1,
            "ip_allocation_policy": [
              {
                "additional_pod_ranges_config": [],
                "cluster_ipv4_cidr_block": "10.20.0.0/16",
                "cluster_secondary_range_name": "pods",
                "pod_cidr_overprovision_config": [
                  {
                    "disabled": false
                  }
                ],
                "services_ipv4_cidr_block": "10.30.0.0/20",
                "services_secondary_range_name": "services",
                "stack_type": "IPV4"
              }
            ],
            "label_fingerprint": "a9dc16a7",
            "location": "europe-central2-a",
            "logging_config": [
              {
                "enable_components": [
                  "SYSTEM_COMPONENTS",
                  "WORKLOADS"
                ]
              }
            ],
            "logging_service": "logging.googleapis.com/kubernetes",
            "maintenance_policy": [],
            "master_auth": [
              {
                "client_certificate": "",
                "client_certificate_config": [
                  {
                    "issue_client_certificate": false
                  }
                ],
                "client_key": "",
                "cluster_ca_certificate": "LS0tLS1CRUdJTiBDRVJUSUZJQ0FURS0tLS0tCk1JSUVMVENDQXBXZ0F3SUJBZ0lSQUtLckdtdmdSaVIwakExY2pkaENIQWN3RFFZSktvWklodmNOQVFFTEJRQXcKTHpFdE1Dc0dBMVVFQXhNa1lqQmxNakppWm1VdE9URTROaTAwTXpNd0xXSTFOVEF0Wm1OalpHRmpOMkV6T1dFNQpNQ0FYRFRJMU1EY3hOekUzTURNeU5sb1lEekl3TlRVd056RXdNVGd3TXpJMldqQXZNUzB3S3dZRFZRUURFeVJpCk1HVXlNbUptWlMwNU1UZzJMVFF6TXpBdFlqVTFNQzFtWTJOa1lXTTNZVE01WVRrd2dnR2lNQTBHQ1NxR1NJYjMKRFFFQkFRVUFBNElCandBd2dnR0tBb0lCZ1FEZEdSU1NLS2NsclprcGZjWVRUWWd5K1A0TnlhM0lXZjMrT0dHZworUGt6UW9PeVROTEJxSzZ1L2Q1VlZxeEs2TzF5ZG10WE5qcHF2VE8yYkhRWnFGbVYwVGdHRmFQNUxmUHovZEhzCkJPUUV4cDNhMlR1NTFaOE5nd0UrRjdpYnYraEhOVDZ2WWhzOWtVcENwUWZ4VHlrVStTNHYrZmNwMWlRUUxVUGQKYmVTMmRCQUMwZDdocFlONDZVbEpOVmowYzRkN2ZrQm5kMzlaVE5uUGhzdllzNVIzUG1YODc3MTBDTjJzYmlJMAppMmZUV2JsOG5pTGRaemVzNVJGQ1IxR0Ewb2FjZFliVllTT3A0R20rdkhLTUNLYVhSQUY3WjBoczIvTzVCWjVzCmhsNG1SZUIvLzd0M2N4RVU3WmYwdFNEUDlQY2FMUXlzMDJ0bnA2Wnd2QW1OTUNrR2M1dkl0ZncxMEtaU1h2SC8Kc0ZoWE1yWFlEY1dJek05T1BNUTJ0SnZBUmRhVmpHRnhiK3FFQVFiczZWYktkNlVNcmNhYVJ4Z0g4NGRrd0pNagozSUxYV2ZuTDZRTU92UXJheEh3UEhIVTRGRjlWMWZleU1YOVVPMkQxLzYzTy9ka3IzWEFObCswdUY4eFhDS3k2ClFJcGJqVTNuWFlFUkdSa3h3NzU3eUpYeGowOENBd0VBQWFOQ01FQXdEZ1lEVlIwUEFRSC9CQVFEQWdJRU1BOEcKQTFVZEV3RUIvd1FGTUFNQkFmOHdIUVlEVlIwT0JCWUVGTjlFZmdrTHd5ZGxpOEJCay9oUDVDTGJQdTFJTUEwRwpDU3FHU0liM0RRRUJDd1VBQTRJQmdRQmcydklocXZ4MFdSTkVEc1E3VjY4TWJpODJwY2ZDWjJIVG1CUExkNnZWCjJLbUh1T25OdHdPbUl1emRaS3c5bzkrK3B1OGdMQitvSU5OaCtHUlZXbWhUQWg3d3F2Q3E1eWVtTWV3M0dWbzcKcjUrVzdENFN0VEhzU0g4RmZBbVVyT0FUVmRyU3dCdmk5M0MrN1lSdVBVeDZwNERyNmdpN0hyVi9kM29nL252awo1Z1puWnBCV2pyYVZiWmZ3L0Q1SzBpZHZYVVdJZE9IbEhHY3RMNnRNQ0hhbFBhekRSU2dKY1ovaWU4akRYOWg2ClVQMmV0M2JnbjBxc0EyUloxcTAzRVFCRGZ1YlpNNHh5S1M1cmRvRWhvOExDT2U5YitIamk2WkZaUGd5akhhNmQKT3VlbmRoQmZiSnJXOHU1SVVkcEVnc1dtU1RtUy8zL2UxYTIvMjZoWHpnZU5Kb2dENW1FKys1b0d3c0ZGdHRSSgoxMVg5WkhLN09sYW11NmE0TUpSTHFiZmQyc1ZXYUl2SWFSa0VvdDJzcjRYbkdVVXBaWkJmY2JmZi9MSElvR2J2ClNEMkF0ZUludTd0VXQ0VFBjY2tnQ3FwMFVjMmxjVkhhVVhhNENWbGtCdUp0Q3lYWVhETXpiMmpmSURBc1RuTSsKOVMycWFDZW1SWlhsR2lxSEVSb21Oelk9Ci0tLS0tRU5EIENFUlRJRklDQVRFLS0tLS0K"
              }
            ],
            "master_authorized_networks_config": [],
            "master_version": "1.32.4-gke.1415000",
            "mesh_certificates": [],
            "min_master_version": null,
            "monitoring_config": [
              {
                "advanced_datapath_observability_config": [
                  {
                    "enable_metrics": false,
                    "enable_relay": false,
                    "relay_mode": "DISABLED"
                  }
                ],
                "enable_components": [
                  "SYSTEM_COMPONENTS",
                  "STORAGE",
                  "HPA",
                  "POD",
                  "DAEMONSET",
                  "DEPLOYMENT",
                  "STATEFULSET",
                  "JOBSET",
                  "CADVISOR",
                  "KUBELET",
                  "DCGM"
                ],
                "managed_prometheus": [
                  {
                    "enabled": true
                  }
                ]
              }
            ],
            "monitoring_service": "monitoring.googleapis.com/kubernetes",
            "name": "network-test-cluster",
            "network": "projects/game-465613/global/networks/game-vpc",
            "network_policy": [
              {
                "enabled": false,
                "provider": "PROVIDER_UNSPECIFIED"
              }
            ],
            "networking_mode": "VPC_NATIVE",
            "node_config": [
              {
                "advanced_machine_features": [],
                "boot_disk_kms_key": "",
                "confidential_nodes": [],
                "containerd_config": [],
                "disk_size_gb": 20,
                "disk_type": "pd-balanced",
                "effective_taints": [],
                "enable_confidential_storage": false,
                "ephemeral_storage_local_ssd_config": [],
                "fast_socket": [],
                "gcfs_config": [],
                "guest_accelerator": [],
                "gvnic": [],
                "host_maintenance_policy": [],
                "image_type": "COS_CONTAINERD",
                "kubelet_config": [
                  {
                    "cpu_cfs_quota": false,
                    "cpu_cfs_quota_period": "",
                    "cpu_manager_policy": "",
                    "insecure_kubelet_readonly_port_enabled": "FALSE",
                    "pod_pids_limit": 0
                  }
                ],
                "labels": {},
                "linux_node_config": [],
                "local_nvme_ssd_block_config": [],
                "local_ssd_count": 0,
                "logging_variant": "DEFAULT",
                "machine_type": "e2-micro",
                "metadata": {
                  "disable-legacy-endpoints": "true"
                },
                "min_cpu_platform": "",
                "node_group": "",
                "oauth_scopes": [
                  "https://www.googleapis.com/auth/cloud-platform",
                  "https://www.googleapis.com/auth/userinfo.email"
                ],
                "preemptible": false,
                "reservation_affinity": [],
                "resource_labels": {
                  "goog-gke-node-pool-provisioning-model": "on-demand"
                },
                "resource_manager_tags": null,
                "secondary_boot_disks": [],
                "service_account": "gke-node-sa@game-465613.iam.gserviceaccount.com",
                "shielded_instance_config": [
                  {
                    "enable_integrity_monitoring": true,
                    "enable_secure_boot": false
                  }
                ],
                "sole_tenant_config": [],
                "spot": false,
                "tags": [
                  "test-node",
                  "ssh"
                ],
                "taint": [],
                "workload_metadata_config": [
                  {
                    "mode": "GKE_METADATA"
                  }
                ]
              }
            ],
            "node_locations": [],
            "node_pool": [
              {
                "autoscaling": [],
                "initial_node_count": 1,
                "instance_group_urls": [
                  "https://www.googleapis.com/compute/v1/projects/game-465613/zones/europe-central2-a/instanceGroupManagers/gke-network-test-cluster-default-pool-4835c86e-grp"
                ],
                "managed_instance_group_urls": [
                  "https://www.googleapis.com/compute/v1/projects/game-465613/zones/europe-central2-a/instanceGroups/gke-network-test-cluster-default-pool-4835c86e-grp"
                ],
                "management": [
                  {
                    "auto_repair": true,
                    "auto_upgrade": true
                  }
                ],
                "max_pods_per_node": 110,
                "name": "default-pool",
                "name_prefix": "",
                "network_config": [
                  {
                    "additional_node_network_configs": [],
                    "additional_pod_network_configs": [],
                    "create_pod_range": false,
                    "enable_private_nodes": false,
                    "network_performance_config": [],
                    "pod_cidr_overprovision_config": [],
                    "pod_ipv4_cidr_block": "10.20.0.0/16",
                    "pod_range": "pods"
                  }
                ],
                "node_config": [
                  {
                    "advanced_machine_features": [],
                    "boot_disk_kms_key": "",
                    "confidential_nodes": [],
                    "containerd_config": [],
                    "disk_size_gb": 20,
                    "disk_type": "pd-balanced",
                    "effective_taints": [],
                    "enable_confidential_storage": false,
                    "ephemeral_storage_local_ssd_config": [],
                    "fast_socket": [],
                    "gcfs_config": [],
                    "guest_accelerator": [],
                    "gvnic": [],
                    "host_maintenance_policy": [],
                    "image_type": "COS_CONTAINERD",
                    "kubelet_config": [
                      {
                        "cpu_cfs_quota": false,
                        "cpu_cfs_quota_period": "",
                        "cpu_manager_policy": "",
                        "insecure_kubelet_readonly_port_enabled": "FALSE",
                        "pod_pids_limit": 0
                      }
                    ],
                    "labels": {},
                    "linux_node_config": [],
                    "local_nvme_ssd_block_config": [],
                    "local_ssd_count": 0,
                    "logging_variant": "DEFAULT",
                    "machine_type": "e2-micro",
                    "metadata": {
                      "disable-legacy-endpoints": "true"
                    },
                    "min_cpu_platform": "",
                    "node_group": "",
                    "oauth_scopes": [
                      "https://www.googleapis.com/auth/cloud-platform",
                      "https://www.googleapis.com/auth/userinfo.email"
                    ],
                    "preemptible": false,
                    "reservation_affinity": [],
                    "resource_labels": {
                      "goog-gke-node-pool-provisioning-model": "on-demand"
                    },
                    "resource_manager_tags": {},
                    "secondary_boot_disks": [],
                    "service_account": "gke-node-sa@game-465613.iam.gserviceaccount.com",
                    "shielded_instance_config": [
                      {
                        "enable_integrity_monitoring": true,
                        "enable_secure_boot": false
                      }
                    ],
                    "sole_tenant_config": [],
                    "spot": false,
                    "tags": [
                      "test-node",
                      "ssh"
                    ],
                    "taint": [],
                    "workload_metadata_config": [
                      {
                        "mode": "GKE_METADATA"
                      }
                    ]
                  }
                ],
                "node_count": 1,
                "node_locations": [
                  "europe-central2-a"
                ],
                "placement_policy": [],
                "queued_provisioning": [],
                "upgrade_settings": [
                  {
                    "blue_green_settings": [],
                    "max_surge": 1,
                    "max_unavailable": 0,
                    "strategy": "SURGE"
                  }
                ],
                "version": "1.32.4-gke.1415000"
              }
            ],
            "node_pool_auto_config": [
              {
                "network_tags": [],
                "node_kubelet_config": [
                  {
                    "insecure_kubelet_readonly_port_enabled": "FALSE"
                  }
                ],
                "resource_manager_tags": {}
              }
            ],
            "node_pool_defaults": [
              {
                "node_config_defaults": [
                  {
                    "containerd_config": [],
                    "insecure_kubelet_readonly_port_enabled": "FALSE",
                    "logging_variant": "DEFAULT"
                  }
                ]
              }
            ],
            "node_version": "1.32.4-gke.1415000",
            "notification_config": [
              {
                "pubsub": [
                  {
                    "enabled": false,
                    "filter": [],
                    "topic": ""
                  }
                ]
              }
            ],
            "operation": null,
            "private_cluster_config": [
              {
                "enable_private_endpoint": false,
                "enable_private_nodes": false,
                "master_global_access_config": [
                  {
                    "enabled": false
                  }
                ],
                "master_ipv4_cidr_block": "",
                "peering_name": "",
                "private_endpoint": "10.10.1.5",
                "private_endpoint_subnetwork": "",
                "public_endpoint": "34.116.174.253"
              }
            ],
            "private_ipv6_google_access": "",
            "project": "game-465613",
            "release_channel": [
              {
                "channel": "REGULAR"
              }
            ],
            "remove_default_node_pool": null,
            "resource_labels": null,
            "resource_usage_export_config": [],
            "security_posture_config": [
              {
                "mode": "BASIC",
                "vulnerability_mode": "VULNERABILITY_MODE_UNSPECIFIED"
              }
            ],
            "self_link": "https://container.googleapis.com/v1/projects/game-465613/zones/europe-central2-a/clusters/network-test-cluster",
            "service_external_ips_config": [
              {
                "enabled": false
              }
            ],
            "services_ipv4_cidr": "10.30.0.0/20",
            "subnetwork": "projects/game-465613/regions/europe-central2/subnetworks/game-subnet",
            "timeouts": null,
            "tpu_ipv4_cidr_block": "",
            "vertical_pod_autoscaling": [],
            "workload_identity_config": [
              {
                "workload_pool": "game-465613.svc.id.goog"
              }
            ]
          },
          "sensitive_attributes": [
            [
              {
                "type": "get_attr",
                "value": "master_auth"
              },
              {
                "type": "index",
                "value": {
                  "value": 0,
                  "type": "number"
                }
              },
              {
                "type": "get_attr",
                "value": "client_key"
              }
            ],
            [
              {
                "type": "get_attr",
                "value": "workload_identity_config"
              },
              {
                "type": "index",
                "value": {
                  "value": 0,
                  "type": "number"
                }
              },
              {
                "type": "get_attr",
                "value": "workload_pool"
              }
            ]
          ],
          "identity_schema_version": 0,
          "private": "eyJlMmJmYjczMC1lY2FhLTExZTYtOGY4OC0zNDM2M2JjN2M0YzAiOnsiY3JlYXRlIjoyNDAwMDAwMDAwMDAwLCJkZWxldGUiOjI0MDAwMDAwMDAwMDAsInJlYWQiOjI0MDAwMDAwMDAwMDAsInVwZGF0ZSI6MzYwMDAwMDAwMDAwMH0sInNjaGVtYV92ZXJzaW9uIjoiMiJ9",
          "dependencies": [
            "google_compute_network.game_vpc",
            "google_compute_subnetwork.game_subnet",
            "google_service_account.gke_node"
          ]
        }
      ]
    },
    {
      "mode": "managed",
      "type": "google_project_iam_member",
      "name": "node_roles",
      "provider": "provider[\"registry.terraform.io/hashicorp/google\"]",
      "instances": [
        {
          "index_key": "roles/container.nodeServiceAccount",
          "schema_version": 0,
          "attributes": {
            "condition": [],
            "etag": "BwY6DLWrsSg=",
            "id": "game-465613/roles/container.nodeServiceAccount/serviceAccount:gke-node-sa@game-465613.iam.gserviceaccount.com",
            "member": "serviceAccount:gke-node-sa@game-465613.iam.gserviceaccount.com",
            "project": "game-465613",
            "role": "roles/container.nodeServiceAccount"
          },
          "sensitive_attributes": [
            [
              {
                "type": "get_attr",
                "value": "project"
              }
            ]
          ],
          "identity_schema_version": 0,
          "private": "bnVsbA==",
          "dependencies": [
            "google_service_account.gke_node"
          ]
        },
        {
          "index_key": "roles/logging.logWriter",
          "schema_version": 0,
          "attributes": {
            "condition": [],
            "etag": "BwY6DLWrsSg=",
            "id": "game-465613/roles/logging.logWriter/serviceAccount:gke-node-sa@game-465613.iam.gserviceaccount.com",
            "member": "serviceAccount:gke-node-sa@game-465613.iam.gserviceaccount.com",
            "project": "game-465613",
            "role": "roles/logging.logWriter"
          },
          "sensitive_attributes": [
            [
              {
                "type": "get_attr",
                "value": "project"
              }
            ]
          ],
          "identity_schema_version": 0,
          "private": "bnVsbA==",
          "dependencies": [
            "google_service_account.gke_node"
          ]
        },
        {
          "index_key": "roles/monitoring.metricWriter",
          "schema_version": 0,
          "attributes": {
            "condition": [],
            "etag": "BwY6DLWrsSg=",
            "id": "game-465613/roles/monitoring.metricWriter/serviceAccount:gke-node-sa@game-465613.iam.gserviceaccount.com",
            "member": "serviceAccount:gke-node-sa@game-465613.iam.gserviceaccount.com",
            "project": "game-465613",
            "role": "roles/monitoring.metricWriter"
          },
          "sensitive_attributes": [
            [
              {
                "type": "get_attr",
                "value": "project"
              }
            ]
          ],
          "identity_schema_version": 0,
          "private": "bnVsbA==",
          "dependencies": [
            "google_service_account.gke_node"
          ]
        }
      ]
    },
    {
      "mode": "managed",
      "type": "google_project_iam_member",
      "name": "sa_roles",
      "provider": "provider[\"registry.terraform.io/hashicorp/google\"]",
      "instances": [
        {
          "index_key": "roles/compute.networkAdmin",
          "schema_version": 0,
          "attributes": {
            "condition": [],
            "etag": "BwY6DLWrsSg=",
            "id": "game-465613/roles/compute.networkAdmin/serviceAccount:tf-runner@game-465613.iam.gserviceaccount.com",
            "member": "serviceAccount:tf-runner@game-465613.iam.gserviceaccount.com",
            "project": "game-465613",
            "role": "roles/compute.networkAdmin"
          },
          "sensitive_attributes": [
            [
              {
                "type": "get_attr",
                "value": "project"
              }
            ]
          ],
          "identity_schema_version": 0,
          "private": "bnVsbA==",
          "dependencies": [
            "google_service_account.tf_runner"
          ]
        },
        {
          "index_key": "roles/compute.securityAdmin",
          "schema_version": 0,
          "attributes": {
            "condition": [],
            "etag": "BwY6DLWrsSg=",
            "id": "game-465613/roles/compute.securityAdmin/serviceAccount:tf-runner@game-465613.iam.gserviceaccount.com",
            "member": "serviceAccount:tf-runner@game-465613.iam.gserviceaccount.com",
            "project": "game-465613",
            "role": "roles/compute.securityAdmin"
          },
          "sensitive_attributes": [
            [
              {
                "type": "get_attr",
                "value": "project"
              }
            ]
          ],
          "identity_schema_version": 0,
          "private": "bnVsbA==",
          "dependencies": [
            "google_service_account.tf_runner"
          ]
        },
        {
          "index_key": "roles/container.admin",
          "schema_version": 0,
          "attributes": {
            "condition": [],
            "etag": "BwY6DLWrsSg=",
            "id": "game-465613/roles/container.admin/serviceAccount:tf-runner@game-465613.iam.gserviceaccount.com",
            "member": "serviceAccount:tf-runner@game-465613.iam.gserviceaccount.com",
            "project": "game-465613",
            "role": "roles/container.admin"
          },
          "sensitive_attributes": [
            [
              {
                "type": "get_attr",
                "value": "project"
              }
            ]
          ],
          "identity_schema_version": 0,
          "private": "bnVsbA==",
          "dependencies": [
            "google_service_account.tf_runner"
          ]
        },
        {
          "index_key": "roles/iam.serviceAccountUser",
          "schema_version": 0,
          "attributes": {
            "condition": [],
            "etag": "BwY6DLWrsSg=",
            "id": "game-465613/roles/iam.serviceAccountUser/serviceAccount:tf-runner@game-465613.iam.gserviceaccount.com",
            "member": "serviceAccount:tf-runner@game-465613.iam.gserviceaccount.com",
            "project": "game-465613",
            "role": "roles/iam.serviceAccountUser"
          },
          "sensitive_attributes": [
            [
              {
                "type": "get_attr",
                "value": "project"
              }
            ]
          ],
          "identity_schema_version": 0,
          "private": "bnVsbA==",
          "dependencies": [
            "google_service_account.tf_runner"
          ]
        },
        {
          "index_key": "roles/logging.admin",
          "schema_version": 0,
          "attributes": {
            "condition": [],
            "etag": "BwY6DLWrsSg=",
            "id": "game-465613/roles/logging.admin/serviceAccount:tf-runner@game-465613.iam.gserviceaccount.com",
            "member": "serviceAccount:tf-runner@game-465613.iam.gserviceaccount.com",
            "project": "game-465613",
            "role": "roles/logging.admin"
          },
          "sensitive_attributes": [
            [
              {
                "type": "get_attr",
                "value": "project"
              }
            ]
          ],
          "identity_schema_version": 0,
          "private": "bnVsbA==",
          "dependencies": [
            "google_service_account.tf_runner"
          ]
        },
        {
          "index_key": "roles/monitoring.admin",
          "schema_version": 0,
          "attributes": {
            "condition": [],
            "etag": "BwY6DLWrsSg=",
            "id": "game-465613/roles/monitoring.admin/serviceAccount:tf-runner@game-465613.iam.gserviceaccount.com",
            "member": "serviceAccount:tf-runner@game-465613.iam.gserviceaccount.com",
            "project": "game-465613",
            "role": "roles/monitoring.admin"
          },
          "sensitive_attributes": [
            [
              {
                "type": "get_attr",
                "value": "project"
              }
            ]
          ],
          "identity_schema_version": 0,
          "private": "bnVsbA==",
          "dependencies": [
            "google_service_account.tf_runner"
          ]
        },
        {
          "index_key": "roles/resourcemanager.projectIamAdmin",
          "schema_version": 0,
          "attributes": {
            "condition": [],
            "etag": "BwY6DLWrsSg=",
            "id": "game-465613/roles/resourcemanager.projectIamAdmin/serviceAccount:tf-runner@game-465613.iam.gserviceaccount.com",
            "member": "serviceAccount:tf-runner@game-465613.iam.gserviceaccount.com",
            "project": "game-465613",
            "role": "roles/resourcemanager.projectIamAdmin"
          },
          "sensitive_attributes": [
            [
              {
                "type": "get_attr",
                "value": "project"
              }
            ]
          ],
          "identity_schema_version": 0,
          "private": "bnVsbA==",
          "dependencies": [
            "google_service_account.tf_runner"
          ]
        },
        {
          "index_key": "roles/serviceusage.serviceUsageAdmin",
          "schema_version": 0,
          "attributes": {
            "condition": [],
            "etag": "BwY6DLWrsSg=",
            "id": "game-465613/roles/serviceusage.serviceUsageAdmin/serviceAccount:tf-runner@game-465613.iam.gserviceaccount.com",
            "member": "serviceAccount:tf-runner@game-465613.iam.gserviceaccount.com",
            "project": "game-465613",
            "role": "roles/serviceusage.serviceUsageAdmin"
          },
          "sensitive_attributes": [
            [
              {
                "type": "get_attr",
                "value": "project"
              }
            ]
          ],
          "identity_schema_version": 0,
          "private": "bnVsbA==",
          "dependencies": [
            "google_service_account.tf_runner"
          ]
        }
      ]
    },
    {
      "mode": "managed",
      "type": "google_project_service",
      "name": "services",
      "provider": "provider[\"registry.terraform.io/hashicorp/google\"]",
      "instances": [
        {
          "index_key": "compute.googleapis.com",
          "schema_version": 0,
          "attributes": {
            "disable_dependent_services": null,
            "disable_on_destroy": false,
            "id": "game-465613/compute.googleapis.com",
            "project": "game-465613",
            "service": "compute.googleapis.com",
            "timeouts": null
          },
          "sensitive_attributes": [],
          "identity_schema_version": 0,
          "private": "eyJlMmJmYjczMC1lY2FhLTExZTYtOGY4OC0zNDM2M2JjN2M0YzAiOnsiY3JlYXRlIjoxMjAwMDAwMDAwMDAwLCJkZWxldGUiOjEyMDAwMDAwMDAwMDAsInJlYWQiOjYwMDAwMDAwMDAwMCwidXBkYXRlIjoxMjAwMDAwMDAwMDAwfX0="
        },
        {
          "index_key": "container.googleapis.com",
          "schema_version": 0,
          "attributes": {
            "disable_dependent_services": null,
            "disable_on_destroy": false,
            "id": "game-465613/container.googleapis.com",
            "project": "game-465613",
            "service": "container.googleapis.com",
            "timeouts": null
          },
          "sensitive_attributes": [],
          "identity_schema_version": 0,
          "private": "eyJlMmJmYjczMC1lY2FhLTExZTYtOGY4OC0zNDM2M2JjN2M0YzAiOnsiY3JlYXRlIjoxMjAwMDAwMDAwMDAwLCJkZWxldGUiOjEyMDAwMDAwMDAwMDAsInJlYWQiOjYwMDAwMDAwMDAwMCwidXBkYXRlIjoxMjAwMDAwMDAwMDAwfX0="
        }
      ]
    },
    {
      "mode": "managed",
      "type": "google_service_account",
      "name": "gke_node",
      "provider": "provider[\"registry.terraform.io/hashicorp/google\"]",
      "instances": [
        {
          "schema_version": 0,
          "attributes": {
            "account_id": "gke-node-sa",
            "create_ignore_already_exists": null,
            "description": "",
            "disabled": false,
            "display_name": "GKE Node Service Account",
            "email": "gke-node-sa@game-465613.iam.gserviceaccount.com",
            "id": "projects/game-465613/serviceAccounts/gke-node-sa@game-465613.iam.gserviceaccount.com",
            "member": "serviceAccount:gke-node-sa@game-465613.iam.gserviceaccount.com",
            "name": "projects/game-465613/serviceAccounts/gke-node-sa@game-465613.iam.gserviceaccount.com",
            "project": "game-465613",
            "timeouts": null,
            "unique_id": "109008952034427646522"
          },
          "sensitive_attributes": [],
          "identity_schema_version": 0,
          "private": "eyJlMmJmYjczMC1lY2FhLTExZTYtOGY4OC0zNDM2M2JjN2M0YzAiOnsiY3JlYXRlIjozMDAwMDAwMDAwMDB9fQ=="
        }
      ]
    },
    {
      "mode": "managed",
      "type": "google_service_account",
      "name": "tf_runner",
      "provider": "provider[\"registry.terraform.io/hashicorp/google\"]",
      "instances": [
        {
          "schema_version": 0,
          "attributes": {
            "account_id": "tf-runner",
            "create_ignore_already_exists": null,
            "description": "",
            "disabled": false,
            "display_name": "Terraform Deployment Account",
            "email": "tf-runner@game-465613.iam.gserviceaccount.com",
            "id": "projects/game-465613/serviceAccounts/tf-runner@game-465613.iam.gserviceaccount.com",
            "member": "serviceAccount:tf-runner@game-465613.iam.gserviceaccount.com",
            "name": "projects/game-465613/serviceAccounts/tf-runner@game-465613.iam.gserviceaccount.com",
            "project": "game-465613",
            "timeouts": null,
            "unique_id": "116992731714674868568"
          },
          "sensitive_attributes": [],
          "identity_schema_version": 0,
          "private": "eyJlMmJmYjczMC1lY2FhLTExZTYtOGY4OC0zNDM2M2JjN2M0YzAiOnsiY3JlYXRlIjozMDAwMDAwMDAwMDB9fQ=="
        }
      ]
    }
  ],
  "check_results": null
}
