{
  "version": 4,
  "terraform_version": "1.12.2",
  "serial": 202,
  "lineage": "1b8b0252-b298-e762-6306-73646a0dbbe4",
  "outputs": {},
  "resources": [
    {
      "mode": "managed",
      "type": "google_artifact_registry_repository",
      "name": "game_server",
      "provider": "provider[\"registry.terraform.io/hashicorp/google\"]",
      "instances": [
        {
          "schema_version": 0,
          "attributes": {
            "cleanup_policies": [],
            "cleanup_policy_dry_run": false,
            "create_time": "2025-07-24T18:17:05.827033Z",
            "description": "Docker repository for game containers",
            "docker_config": [
              {
                "immutable_tags": false
              }
            ],
            "effective_labels": {},
            "format": "DOCKER",
            "id": "projects/game-465613/locations/europe-central2/repositories/game-repo",
            "kms_key_name": "",
            "labels": {},
            "location": "europe-central2",
            "maven_config": [],
            "mode": "STANDARD_REPOSITORY",
            "name": "game-repo",
            "project": "game-465613",
            "remote_repository_config": [],
            "repository_id": "game-repo",
            "terraform_labels": {},
            "timeouts": null,
            "update_time": "2025-07-26T17:39:12.647128Z",
            "virtual_repository_config": []
          },
          "sensitive_attributes": [],
          "identity_schema_version": 0,
          "private": "eyJlMmJmYjczMC1lY2FhLTExZTYtOGY4OC0zNDM2M2JjN2M0YzAiOnsiY3JlYXRlIjoxMjAwMDAwMDAwMDAwLCJkZWxldGUiOjEyMDAwMDAwMDAwMDAsInVwZGF0ZSI6MTIwMDAwMDAwMDAwMH19"
        }
      ]
    },
    {
      "mode": "managed",
      "type": "google_compute_address",
      "name": "agones_allocator",
      "provider": "provider[\"registry.terraform.io/hashicorp/google\"]",
      "instances": [
        {
          "schema_version": 0,
          "attributes": {
            "address": "34.116.203.196",
            "address_type": "EXTERNAL",
            "creation_timestamp": "2025-07-24T11:03:38.137-07:00",
            "description": "",
            "effective_labels": {},
            "id": "projects/game-465613/regions/europe-central2/addresses/agones-allocator-ip",
            "ip_version": "",
            "ipv6_endpoint_type": "",
            "label_fingerprint": "42WmSpB8rSM=",
            "labels": {},
            "name": "agones-allocator-ip",
            "network": "",
            "network_tier": "PREMIUM",
            "prefix_length": 0,
            "project": "game-465613",
            "purpose": "",
            "region": "europe-central2",
            "self_link": "https://www.googleapis.com/compute/v1/projects/game-465613/regions/europe-central2/addresses/agones-allocator-ip",
            "subnetwork": "",
            "terraform_labels": {},
            "timeouts": null,
            "users": []
          },
          "sensitive_attributes": [],
          "identity_schema_version": 0,
          "private": "eyJlMmJmYjczMC1lY2FhLTExZTYtOGY4OC0zNDM2M2JjN2M0YzAiOnsiY3JlYXRlIjoxMjAwMDAwMDAwMDAwLCJkZWxldGUiOjEyMDAwMDAwMDAwMDAsInVwZGF0ZSI6MTIwMDAwMDAwMDAwMH19"
        }
      ]
    },
    {
      "mode": "managed",
      "type": "google_compute_address",
      "name": "matchmaking_ip",
      "provider": "provider[\"registry.terraform.io/hashicorp/google\"]",
      "instances": [
        {
          "schema_version": 0,
          "attributes": {
            "address": "34.116.170.102",
            "address_type": "EXTERNAL",
            "creation_timestamp": "2025-07-24T11:03:38.179-07:00",
            "description": "",
            "effective_labels": {},
            "id": "projects/game-465613/regions/europe-central2/addresses/matchmaking-lb-ip",
            "ip_version": "",
            "ipv6_endpoint_type": "",
            "label_fingerprint": "42WmSpB8rSM=",
            "labels": {},
            "name": "matchmaking-lb-ip",
            "network": "",
            "network_tier": "PREMIUM",
            "prefix_length": 0,
            "project": "game-465613",
            "purpose": "",
            "region": "europe-central2",
            "self_link": "https://www.googleapis.com/compute/v1/projects/game-465613/regions/europe-central2/addresses/matchmaking-lb-ip",
            "subnetwork": "",
            "terraform_labels": {},
            "timeouts": null,
            "users": []
          },
          "sensitive_attributes": [],
          "identity_schema_version": 0,
          "private": "eyJlMmJmYjczMC1lY2FhLTExZTYtOGY4OC0zNDM2M2JjN2M0YzAiOnsiY3JlYXRlIjoxMjAwMDAwMDAwMDAwLCJkZWxldGUiOjEyMDAwMDAwMDAwMDAsInVwZGF0ZSI6MTIwMDAwMDAwMDAwMH19"
        }
      ]
    },
    {
      "mode": "managed",
      "type": "google_compute_firewall",
      "name": "allow_game_tcp",
      "provider": "provider[\"registry.terraform.io/hashicorp/google\"]",
      "instances": [
        {
          "schema_version": 1,
          "attributes": {
            "allow": [
              {
                "ports": [
                  "7000-8000"
                ],
                "protocol": "tcp"
              }
            ],
            "creation_timestamp": "2025-07-16T05:45:30.487-07:00",
            "deny": [],
            "description": "",
            "destination_ranges": [],
            "direction": "INGRESS",
            "disabled": false,
            "enable_logging": null,
            "id": "projects/game-465613/global/firewalls/allow-game-tcp",
            "log_config": [],
            "name": "allow-game-tcp",
            "network": "https://www.googleapis.com/compute/v1/projects/game-465613/global/networks/game-vpc",
            "priority": 1000,
            "project": "game-465613",
            "self_link": "https://www.googleapis.com/compute/v1/projects/game-465613/global/firewalls/allow-game-tcp",
            "source_ranges": [
              "0.0.0.0/0"
            ],
            "source_service_accounts": [],
            "source_tags": [],
            "target_service_accounts": [],
            "target_tags": [
              "game-server"
            ],
            "timeouts": null
          },
          "sensitive_attributes": [],
          "identity_schema_version": 0,
          "private": "eyJlMmJmYjczMC1lY2FhLTExZTYtOGY4OC0zNDM2M2JjN2M0YzAiOnsiY3JlYXRlIjoxMjAwMDAwMDAwMDAwLCJkZWxldGUiOjEyMDAwMDAwMDAwMDAsInVwZGF0ZSI6MTIwMDAwMDAwMDAwMH0sInNjaGVtYV92ZXJzaW9uIjoiMSJ9",
          "dependencies": [
            "google_compute_network.game_vpc"
          ]
        }
      ]
    },
    {
      "mode": "managed",
      "type": "google_compute_firewall",
      "name": "allow_internal",
      "provider": "provider[\"registry.terraform.io/hashicorp/google\"]",
      "instances": [
        {
          "schema_version": 1,
          "attributes": {
            "allow": [
              {
                "ports": [],
                "protocol": "all"
              }
            ],
            "creation_timestamp": "2025-07-16T05:45:30.942-07:00",
            "deny": [],
            "description": "",
            "destination_ranges": [],
            "direction": "INGRESS",
            "disabled": false,
            "enable_logging": null,
            "id": "projects/game-465613/global/firewalls/allow-internal",
            "log_config": [],
            "name": "allow-internal",
            "network": "https://www.googleapis.com/compute/v1/projects/game-465613/global/networks/game-vpc",
            "priority": 1000,
            "project": "game-465613",
            "self_link": "https://www.googleapis.com/compute/v1/projects/game-465613/global/firewalls/allow-internal",
            "source_ranges": [
              "10.10.1.0/24",
              "10.20.0.0/16",
              "10.30.0.0/20"
            ],
            "source_service_accounts": [],
            "source_tags": [],
            "target_service_accounts": [],
            "target_tags": [],
            "timeouts": null
          },
          "sensitive_attributes": [],
          "identity_schema_version": 0,
          "private": "eyJlMmJmYjczMC1lY2FhLTExZTYtOGY4OC0zNDM2M2JjN2M0YzAiOnsiY3JlYXRlIjoxMjAwMDAwMDAwMDAwLCJkZWxldGUiOjEyMDAwMDAwMDAwMDAsInVwZGF0ZSI6MTIwMDAwMDAwMDAwMH0sInNjaGVtYV92ZXJzaW9uIjoiMSJ9",
          "dependencies": [
            "google_compute_network.game_vpc",
            "google_compute_subnetwork.game_subnet"
          ]
        }
      ]
    },
    {
      "mode": "managed",
      "type": "google_compute_firewall",
      "name": "allow_nodeports",
      "provider": "provider[\"registry.terraform.io/hashicorp/google\"]",
      "instances": [
        {
          "schema_version": 1,
          "attributes": {
            "allow": [
              {
                "ports": [
                  "30000-32767"
                ],
                "protocol": "tcp"
              }
            ],
            "creation_timestamp": "2025-07-16T10:19:30.516-07:00",
            "deny": [],
            "description": "",
            "destination_ranges": [],
            "direction": "INGRESS",
            "disabled": false,
            "enable_logging": null,
            "id": "projects/game-465613/global/firewalls/allow-nodeports",
            "log_config": [],
            "name": "allow-nodeports",
            "network": "https://www.googleapis.com/compute/v1/projects/game-465613/global/networks/game-vpc",
            "priority": 1000,
            "project": "game-465613",
            "self_link": "https://www.googleapis.com/compute/v1/projects/game-465613/global/firewalls/allow-nodeports",
            "source_ranges": [
              "0.0.0.0/0"
            ],
            "source_service_accounts": [],
            "source_tags": [],
            "target_service_accounts": [],
            "target_tags": [
              "test-node"
            ],
            "timeouts": null
          },
          "sensitive_attributes": [],
          "identity_schema_version": 0,
          "private": "eyJlMmJmYjczMC1lY2FhLTExZTYtOGY4OC0zNDM2M2JjN2M0YzAiOnsiY3JlYXRlIjoxMjAwMDAwMDAwMDAwLCJkZWxldGUiOjEyMDAwMDAwMDAwMDAsInVwZGF0ZSI6MTIwMDAwMDAwMDAwMH0sInNjaGVtYV92ZXJzaW9uIjoiMSJ9",
          "dependencies": [
            "google_compute_network.game_vpc"
          ]
        }
      ]
    },
    {
      "mode": "managed",
      "type": "google_compute_firewall",
      "name": "allow_websocket",
      "provider": "provider[\"registry.terraform.io/hashicorp/google\"]",
      "instances": [
        {
          "schema_version": 1,
          "attributes": {
            "allow": [
              {
                "ports": [
                  "80",
                  "443"
                ],
                "protocol": "tcp"
              }
            ],
            "creation_timestamp": "2025-07-16T05:45:30.931-07:00",
            "deny": [],
            "description": "",
            "destination_ranges": [],
            "direction": "INGRESS",
            "disabled": false,
            "enable_logging": null,
            "id": "projects/game-465613/global/firewalls/allow-websocket",
            "log_config": [],
            "name": "allow-websocket",
            "network": "https://www.googleapis.com/compute/v1/projects/game-465613/global/networks/game-vpc",
            "priority": 1000,
            "project": "game-465613",
            "self_link": "https://www.googleapis.com/compute/v1/projects/game-465613/global/firewalls/allow-websocket",
            "source_ranges": [
              "0.0.0.0/0"
            ],
            "source_service_accounts": [],
            "source_tags": [],
            "target_service_accounts": [],
            "target_tags": [
              "matchmaking"
            ],
            "timeouts": null
          },
          "sensitive_attributes": [],
          "identity_schema_version": 0,
          "private": "eyJlMmJmYjczMC1lY2FhLTExZTYtOGY4OC0zNDM2M2JjN2M0YzAiOnsiY3JlYXRlIjoxMjAwMDAwMDAwMDAwLCJkZWxldGUiOjEyMDAwMDAwMDAwMDAsInVwZGF0ZSI6MTIwMDAwMDAwMDAwMH0sInNjaGVtYV92ZXJzaW9uIjoiMSJ9",
          "dependencies": [
            "google_compute_network.game_vpc"
          ]
        }
      ]
    },
    {
      "mode": "managed",
      "type": "google_compute_network",
      "name": "game_vpc",
      "provider": "provider[\"registry.terraform.io/hashicorp/google\"]",
      "instances": [
        {
          "schema_version": 0,
          "attributes": {
            "auto_create_subnetworks": false,
            "delete_default_routes_on_create": false,
            "description": "VPC for game platform components",
            "enable_ula_internal_ipv6": false,
            "gateway_ipv4": "",
            "id": "projects/game-465613/global/networks/game-vpc",
            "internal_ipv6_range": "",
            "mtu": 0,
            "name": "game-vpc",
            "network_firewall_policy_enforcement_order": "AFTER_CLASSIC_FIREWALL",
            "numeric_id": "6805762595708609085",
            "project": "game-465613",
            "routing_mode": "REGIONAL",
            "self_link": "https://www.googleapis.com/compute/v1/projects/game-465613/global/networks/game-vpc",
            "timeouts": null
          },
          "sensitive_attributes": [],
          "identity_schema_version": 0,
          "private": "eyJlMmJmYjczMC1lY2FhLTExZTYtOGY4OC0zNDM2M2JjN2M0YzAiOnsiY3JlYXRlIjoxMjAwMDAwMDAwMDAwLCJkZWxldGUiOjEyMDAwMDAwMDAwMDAsInVwZGF0ZSI6MTIwMDAwMDAwMDAwMH19"
        }
      ]
    },
    {
      "mode": "managed",
      "type": "google_compute_router",
      "name": "nat_router",
      "provider": "provider[\"registry.terraform.io/hashicorp/google\"]",
      "instances": [
        {
          "schema_version": 0,
          "attributes": {
            "bgp": [],
            "creation_timestamp": "2025-07-16T05:36:59.488-07:00",
            "description": "",
            "encrypted_interconnect_router": false,
            "id": "projects/game-465613/regions/europe-central2/routers/game-nat-router",
            "name": "game-nat-router",
            "network": "https://www.googleapis.com/compute/v1/projects/game-465613/global/networks/game-vpc",
            "project": "game-465613",
            "region": "europe-central2",
            "self_link": "https://www.googleapis.com/compute/v1/projects/game-465613/regions/europe-central2/routers/game-nat-router",
            "timeouts": null
          },
          "sensitive_attributes": [],
          "identity_schema_version": 0,
          "private": "eyJlMmJmYjczMC1lY2FhLTExZTYtOGY4OC0zNDM2M2JjN2M0YzAiOnsiY3JlYXRlIjoxMjAwMDAwMDAwMDAwLCJkZWxldGUiOjEyMDAwMDAwMDAwMDAsInVwZGF0ZSI6MTIwMDAwMDAwMDAwMH19",
          "dependencies": [
            "google_compute_network.game_vpc"
          ]
        }
      ]
    },
    {
      "mode": "managed",
      "type": "google_compute_router_nat",
      "name": "game_nat",
      "provider": "provider[\"registry.terraform.io/hashicorp/google\"]",
      "instances": [
        {
          "schema_version": 0,
          "attributes": {
            "auto_network_tier": "PREMIUM",
            "drain_nat_ips": [],
            "enable_dynamic_port_allocation": false,
            "enable_endpoint_independent_mapping": false,
            "endpoint_types": [
              "ENDPOINT_TYPE_VM"
            ],
            "icmp_idle_timeout_sec": 30,
            "id": "game-465613/europe-central2/game-nat-router/game-platform-nat",
            "log_config": [
              {
                "enable": true,
                "filter": "ERRORS_ONLY"
              }
            ],
            "max_ports_per_vm": 0,
            "min_ports_per_vm": 0,
            "name": "game-platform-nat",
            "nat_ip_allocate_option": "AUTO_ONLY",
            "nat_ips": [],
            "project": "game-465613",
            "region": "europe-central2",
            "router": "game-nat-router",
            "rules": [],
            "source_subnetwork_ip_ranges_to_nat": "ALL_SUBNETWORKS_ALL_IP_RANGES",
            "subnetwork": [],
            "tcp_established_idle_timeout_sec": 1200,
            "tcp_time_wait_timeout_sec": 120,
            "tcp_transitory_idle_timeout_sec": 30,
            "timeouts": null,
            "udp_idle_timeout_sec": 30
          },
          "sensitive_attributes": [],
          "identity_schema_version": 0,
          "private": "eyJlMmJmYjczMC1lY2FhLTExZTYtOGY4OC0zNDM2M2JjN2M0YzAiOnsiY3JlYXRlIjoxMjAwMDAwMDAwMDAwLCJkZWxldGUiOjEyMDAwMDAwMDAwMDAsInVwZGF0ZSI6MTIwMDAwMDAwMDAwMH19",
          "dependencies": [
            "google_compute_network.game_vpc",
            "google_compute_router.nat_router"
          ]
        }
      ]
    },
    {
      "mode": "managed",
      "type": "google_compute_subnetwork",
      "name": "game_subnet",
      "provider": "provider[\"registry.terraform.io/hashicorp/google\"]",
      "instances": [
        {
          "schema_version": 0,
          "attributes": {
            "creation_timestamp": "2025-07-16T05:37:00.071-07:00",
            "description": "",
            "external_ipv6_prefix": "",
            "fingerprint": null,
            "gateway_address": "10.10.1.1",
            "id": "projects/game-465613/regions/europe-central2/subnetworks/game-subnet",
            "internal_ipv6_prefix": "",
            "ip_cidr_range": "10.10.1.0/24",
            "ipv6_access_type": "",
            "ipv6_cidr_range": "",
            "log_config": [],
            "name": "game-subnet",
            "network": "https://www.googleapis.com/compute/v1/projects/game-465613/global/networks/game-vpc",
            "private_ip_google_access": true,
            "private_ipv6_google_access": "DISABLE_GOOGLE_ACCESS",
            "project": "game-465613",
            "purpose": "PRIVATE",
            "region": "europe-central2",
            "role": "",
            "secondary_ip_range": [
              {
                "ip_cidr_range": "10.20.0.0/16",
                "range_name": "pods"
              },
              {
                "ip_cidr_range": "10.30.0.0/20",
                "range_name": "services"
              }
            ],
            "self_link": "https://www.googleapis.com/compute/v1/projects/game-465613/regions/europe-central2/subnetworks/game-subnet",
            "send_secondary_ip_range_if_empty": null,
            "stack_type": "IPV4_ONLY",
            "timeouts": null
          },
          "sensitive_attributes": [],
          "identity_schema_version": 0,
          "private": "eyJlMmJmYjczMC1lY2FhLTExZTYtOGY4OC0zNDM2M2JjN2M0YzAiOnsiY3JlYXRlIjoxMjAwMDAwMDAwMDAwLCJkZWxldGUiOjEyMDAwMDAwMDAwMDAsInVwZGF0ZSI6MTIwMDAwMDAwMDAwMH19",
          "dependencies": [
            "google_compute_network.game_vpc"
          ]
        }
      ]
    },
    {
      "mode": "managed",
      "type": "google_container_cluster",
      "name": "game_cluster",
      "provider": "provider[\"registry.terraform.io/hashicorp/google\"]",
      "instances": [
        {
          "schema_version": 2,
          "attributes": {
            "addons_config": [
              {
                "cloudrun_config": [],
                "config_connector_config": [],
                "dns_cache_config": [],
                "gce_persistent_disk_csi_driver_config": [
                  {
                    "enabled": true
                  }
                ],
                "gcp_filestore_csi_driver_config": [],
                "gcs_fuse_csi_driver_config": [],
                "gke_backup_agent_config": [],
                "horizontal_pod_autoscaling": [
                  {
                    "disabled": true
                  }
                ],
                "http_load_balancing": [
                  {
                    "disabled": false
                  }
                ],
                "network_policy_config": [
                  {
                    "disabled": true
                  }
                ],
                "ray_operator_config": [],
                "stateful_ha_config": []
              }
            ],
            "allow_net_admin": null,
            "authenticator_groups_config": [],
            "binary_authorization": [
              {
                "enabled": false,
                "evaluation_mode": ""
              }
            ],
            "cluster_autoscaling": [
              {
                "auto_provisioning_defaults": [],
                "auto_provisioning_locations": [],
                "autoscaling_profile": "BALANCED",
                "enabled": false,
                "resource_limits": []
              }
            ],
            "cluster_ipv4_cidr": "10.20.0.0/16",
            "confidential_nodes": [],
            "cost_management_config": [],
            "database_encryption": [
              {
                "key_name": "",
                "state": "DECRYPTED"
              }
            ],
            "datapath_provider": "",
            "default_max_pods_per_node": 110,
            "default_snat_status": [
              {
                "disabled": false
              }
            ],
            "deletion_protection": true,
            "description": "",
            "dns_config": [],
            "enable_autopilot": false,
            "enable_cilium_clusterwide_network_policy": false,
            "enable_intranode_visibility": false,
            "enable_k8s_beta_apis": [],
            "enable_kubernetes_alpha": false,
            "enable_l4_ilb_subsetting": false,
            "enable_legacy_abac": false,
            "enable_multi_networking": false,
            "enable_shielded_nodes": true,
            "enable_tpu": false,
            "endpoint": "34.116.234.119",
            "fleet": [],
            "gateway_api_config": [],
            "id": "projects/game-465613/locations/europe-central2-a/clusters/game-cluster",
            "identity_service_config": [],
            "initial_node_count": 1,
            "ip_allocation_policy": [
              {
                "additional_pod_ranges_config": [],
                "cluster_ipv4_cidr_block": "10.20.0.0/16",
                "cluster_secondary_range_name": "pods",
                "pod_cidr_overprovision_config": [
                  {
                    "disabled": false
                  }
                ],
                "services_ipv4_cidr_block": "10.30.0.0/20",
                "services_secondary_range_name": "services",
                "stack_type": "IPV4"
              }
            ],
            "label_fingerprint": "a9dc16a7",
            "location": "europe-central2-a",
            "logging_config": [
              {
                "enable_components": []
              }
            ],
            "logging_service": "none",
            "maintenance_policy": [],
            "master_auth": [
              {
                "client_certificate": "",
                "client_certificate_config": [
                  {
                    "issue_client_certificate": false
                  }
                ],
                "client_key": "",
                "cluster_ca_certificate": "LS0tLS1CRUdJTiBDRVJUSUZJQ0FURS0tLS0tCk1JSUVMRENDQXBTZ0F3SUJBZ0lRWDVNTDNzd2JoUnBzZmNJZUlxNG9qVEFOQmdrcWhraUc5dzBCQVFzRkFEQXYKTVMwd0t3WURWUVFERXlRMU9ETmhNRFpqTXkxbU1UZzFMVFEwWlRjdE9EZzROaTA1TUdOaU1UY3daVFJpTnpFdwpJQmNOTWpVd056STBNVGcwTURBeldoZ1BNakExTlRBM01UY3hPVFF3TUROYU1DOHhMVEFyQmdOVkJBTVRKRFU0Ck0yRXdObU16TFdZeE9EVXRORFJsTnkwNE9EZzJMVGt3WTJJeE56QmxOR0kzTVRDQ0FhSXdEUVlKS29aSWh2Y04KQVFFQkJRQURnZ0dQQURDQ0FZb0NnZ0dCQU55UFJuczlhbVZBNWFHSzZ2bXFsS0ExR01Td1lKZ3hyZ3ExWmVKTQo5OWs2LzhlUEc2WCszajZyQ2VVaDdHdnUzbWMrQmRZZzlPSTU2U2NtUExwSGNQUVRSS21QcEdIWVB3bSszVnZ4Cmp5S0hsNk5jcWdhZTUwSmkzZG9WMldtUXF0dng0Qzc5U25rcHdpelFYZEhqODlYcWZxdnhBQm1lQk5aZVZuSWwKaUJUSjc3OGx4OEsxSG9GeEtxbGdEQmJLcHpyanRBMUFCbm9jYVA2VGxkWWpMMWg0M2x1SnBKcXR5b0F2Y0YrZApJZUpKSnZtZ1Nzc3NLR2tQWjdlWVJtVTV6ZVE3UHBySHdFMnExNjRBd3ExT2I5VkVaaDNXWlNFdTQxQVpPMDN5Clp5M081NFFLd1NMcWFMcGg0VU4xV2RUcklUdWw2c0pHWkdJMWVXRmZtZGlxVkhJcEtneHFaQWNtd1l5S1VFeisKYW5KQzc4VWpScjFmRE9GTkg3THh4bXVrQWYxREZ6QVdmblRWYUJ1OXB6T2xadjJLemtDaFRCNEU4U041eDhIYgoyRVViV2tNeEpQWUVTOTk4R25GMllLOVZVVjlpVUNabnllRVMvcmhHVmc3WlFRZmZMVzZLdlZjNnZjVWlyN0FwCkFscHRrcnZZVUZlTWpuTTZoamNGK3R2YnF3SURBUUFCbzBJd1FEQU9CZ05WSFE4QkFmOEVCQU1DQWdRd0R3WUQKVlIwVEFRSC9CQVV3QXdFQi96QWRCZ05WSFE0RUZnUVVsVUg3YVNuM0hNY1VHUm5FTEpxQlJBSldXMnd3RFFZSgpLb1pJaHZjTkFRRUxCUUFEZ2dHQkFFOWxCQzYxYjRvVDRsRGhVNDY5VE5obDNRemh2cEg4bmk3WTl4M2ZISlROCkw5MHpka2xvNFBCVitNcDBLbk02WU4rUVNEWmVyT0E1SDY2T1pnS04vbE81bFMzSFV5OVg4NFlqYTdsYmJQRmkKcTFqYmJCUG5VTEt5KytUbEJPaXRkUGNsQ2kvVWFveERTQUg2VlBra2hETlRZRmVKcVJxSUorN2Q1UWFDSU9qZApnQ1hUNVIwYXVWU2wwbmlNc2lIekQ5dHhQQUlTZlczbWpGZm9ZakVwN0ZKK0RqelVPSk1CZDZCVHZYT016OVc2CnVNdmNVeGh6QWVJS2ZORmYrelY5Y0IrdjNNUlY0R3h5MVIyVEdBb1RXdTMwQ2p2Z205Q3ZhUkwwa3pzaUMxTmkKQ3Y1ZFBtZTNIdUdVQ2NVVWlsTGhEK21WWFkxNHZyNGVVUTB1ZTN5Yml3OHU2OFZVWWNTbDJuVWUwL01SM2xuUApsL3VWTnhka2JoUUtIYXRuS24xMGZmQVJWK2hYVE5pOTZVTnlKZ0NLd2xadHVWdzYrbzFSUE9iT3hkd3RIQ3cxCkdkcDBWMEFxY0FKbDhoUmpLSzlBNDdYaWVlaG1kMGVnZERIVmpKZGpQeTYvMUpYTWNPMmIzQVk1cE1hL0l6NS8KQSs3TFNaZ1R2bHVxZENtYjlrVE0zQT09Ci0tLS0tRU5EIENFUlRJRklDQVRFLS0tLS0K"
              }
            ],
            "master_authorized_networks_config": [],
            "master_version": "1.32.6-gke.1013000",
            "mesh_certificates": [],
            "min_master_version": null,
            "monitoring_config": [
              {
                "advanced_datapath_observability_config": [
                  {
                    "enable_metrics": false,
                    "enable_relay": false,
                    "relay_mode": "DISABLED"
                  }
                ],
                "enable_components": [
                  "DAEMONSET",
                  "DEPLOYMENT",
                  "STATEFULSET",
                  "JOBSET",
                  "STORAGE",
                  "HPA",
                  "POD",
                  "CADVISOR",
                  "KUBELET",
                  "DCGM"
                ],
                "managed_prometheus": [
                  {
                    "enabled": true
                  }
                ]
              }
            ],
            "monitoring_service": "none",
            "name": "game-cluster",
            "network": "projects/game-465613/global/networks/game-vpc",
            "network_policy": [
              {
                "enabled": false,
                "provider": "PROVIDER_UNSPECIFIED"
              }
            ],
            "networking_mode": "VPC_NATIVE",
            "node_config": [
              {
                "advanced_machine_features": [],
                "boot_disk_kms_key": "",
                "confidential_nodes": [],
                "containerd_config": [],
                "disk_size_gb": 40,
                "disk_type": "pd-ssd",
                "effective_taints": [],
                "enable_confidential_storage": false,
                "ephemeral_storage_local_ssd_config": [],
                "fast_socket": [],
                "gcfs_config": [],
                "guest_accelerator": [],
                "gvnic": [],
                "host_maintenance_policy": [],
                "image_type": "COS_CONTAINERD",
                "kubelet_config": [
                  {
                    "cpu_cfs_quota": false,
                    "cpu_cfs_quota_period": "",
                    "cpu_manager_policy": "",
                    "insecure_kubelet_readonly_port_enabled": "FALSE",
                    "pod_pids_limit": 0
                  }
                ],
                "labels": {},
                "linux_node_config": [],
                "local_nvme_ssd_block_config": [],
                "local_ssd_count": 0,
                "logging_variant": "DEFAULT",
                "machine_type": "e2-standard-4",
                "metadata": {
                  "disable-legacy-endpoints": "true"
                },
                "min_cpu_platform": "",
                "node_group": "",
                "oauth_scopes": [
                  "https://www.googleapis.com/auth/cloud-platform",
                  "https://www.googleapis.com/auth/userinfo.email"
                ],
                "preemptible": false,
                "reservation_affinity": [],
                "resource_labels": {
                  "goog-gke-node-pool-provisioning-model": "on-demand"
                },
                "resource_manager_tags": {},
                "secondary_boot_disks": [],
                "service_account": "gke-node-sa@game-465613.iam.gserviceaccount.com",
                "shielded_instance_config": [
                  {
                    "enable_integrity_monitoring": true,
                    "enable_secure_boot": false
                  }
                ],
                "sole_tenant_config": [],
                "spot": false,
                "tags": [
                  "game-server",
                  "matchmaking",
                  "database"
                ],
                "taint": [],
                "workload_metadata_config": [
                  {
                    "mode": "GKE_METADATA"
                  }
                ]
              }
            ],
            "node_locations": [],
            "node_pool": [
              {
                "autoscaling": [],
                "initial_node_count": 1,
                "instance_group_urls": [
                  "https://www.googleapis.com/compute/v1/projects/game-465613/zones/europe-central2-a/instanceGroupManagers/gke-game-cluster-default-pool-db08cd18-grp"
                ],
                "managed_instance_group_urls": [
                  "https://www.googleapis.com/compute/v1/projects/game-465613/zones/europe-central2-a/instanceGroups/gke-game-cluster-default-pool-db08cd18-grp"
                ],
                "management": [
                  {
                    "auto_repair": true,
                    "auto_upgrade": true
                  }
                ],
                "max_pods_per_node": 110,
                "name": "default-pool",
                "name_prefix": "",
                "network_config": [
                  {
                    "additional_node_network_configs": [],
                    "additional_pod_network_configs": [],
                    "create_pod_range": false,
                    "enable_private_nodes": false,
                    "network_performance_config": [],
                    "pod_cidr_overprovision_config": [],
                    "pod_ipv4_cidr_block": "10.20.0.0/16",
                    "pod_range": "pods"
                  }
                ],
                "node_config": [
                  {
                    "advanced_machine_features": [],
                    "boot_disk_kms_key": "",
                    "confidential_nodes": [],
                    "containerd_config": [],
                    "disk_size_gb": 40,
                    "disk_type": "pd-ssd",
                    "effective_taints": [],
                    "enable_confidential_storage": false,
                    "ephemeral_storage_local_ssd_config": [],
                    "fast_socket": [],
                    "gcfs_config": [],
                    "guest_accelerator": [],
                    "gvnic": [],
                    "host_maintenance_policy": [],
                    "image_type": "COS_CONTAINERD",
                    "kubelet_config": [
                      {
                        "cpu_cfs_quota": false,
                        "cpu_cfs_quota_period": "",
                        "cpu_manager_policy": "",
                        "insecure_kubelet_readonly_port_enabled": "FALSE",
                        "pod_pids_limit": 0
                      }
                    ],
                    "labels": {},
                    "linux_node_config": [],
                    "local_nvme_ssd_block_config": [],
                    "local_ssd_count": 0,
                    "logging_variant": "DEFAULT",
                    "machine_type": "e2-standard-4",
                    "metadata": {
                      "disable-legacy-endpoints": "true"
                    },
                    "min_cpu_platform": "",
                    "node_group": "",
                    "oauth_scopes": [
                      "https://www.googleapis.com/auth/cloud-platform",
                      "https://www.googleapis.com/auth/userinfo.email"
                    ],
                    "preemptible": false,
                    "reservation_affinity": [],
                    "resource_labels": {
                      "goog-gke-node-pool-provisioning-model": "on-demand"
                    },
                    "resource_manager_tags": {},
                    "secondary_boot_disks": [],
                    "service_account": "gke-node-sa@game-465613.iam.gserviceaccount.com",
                    "shielded_instance_config": [
                      {
                        "enable_integrity_monitoring": true,
                        "enable_secure_boot": false
                      }
                    ],
                    "sole_tenant_config": [],
                    "spot": false,
                    "tags": [
                      "game-server",
                      "matchmaking",
                      "database"
                    ],
                    "taint": [],
                    "workload_metadata_config": [
                      {
                        "mode": "GKE_METADATA"
                      }
                    ]
                  }
                ],
                "node_count": 1,
                "node_locations": [
                  "europe-central2-a"
                ],
                "placement_policy": [],
                "queued_provisioning": [],
                "upgrade_settings": [
                  {
                    "blue_green_settings": [],
                    "max_surge": 1,
                    "max_unavailable": 0,
                    "strategy": "SURGE"
                  }
                ],
                "version": "1.32.6-gke.1013000"
              }
            ],
            "node_pool_auto_config": [
              {
                "network_tags": [],
                "node_kubelet_config": [
                  {
                    "insecure_kubelet_readonly_port_enabled": "FALSE"
                  }
                ],
                "resource_manager_tags": {}
              }
            ],
            "node_pool_defaults": [
              {
                "node_config_defaults": [
                  {
                    "containerd_config": [],
                    "insecure_kubelet_readonly_port_enabled": "FALSE",
                    "logging_variant": "DEFAULT"
                  }
                ]
              }
            ],
            "node_version": "1.32.6-gke.1013000",
            "notification_config": [
              {
                "pubsub": [
                  {
                    "enabled": false,
                    "filter": [],
                    "topic": ""
                  }
                ]
              }
            ],
            "operation": null,
            "private_cluster_config": [
              {
                "enable_private_endpoint": false,
                "enable_private_nodes": false,
                "master_global_access_config": [
                  {
                    "enabled": false
                  }
                ],
                "master_ipv4_cidr_block": "",
                "peering_name": "",
                "private_endpoint": "10.10.1.7",
                "private_endpoint_subnetwork": "",
                "public_endpoint": "34.116.234.119"
              }
            ],
            "private_ipv6_google_access": "",
            "project": "game-465613",
            "release_channel": [
              {
                "channel": "REGULAR"
              }
            ],
            "remove_default_node_pool": null,
            "resource_labels": {},
            "resource_usage_export_config": [],
            "security_posture_config": [
              {
                "mode": "BASIC",
                "vulnerability_mode": "VULNERABILITY_MODE_UNSPECIFIED"
              }
            ],
            "self_link": "https://container.googleapis.com/v1/projects/game-465613/zones/europe-central2-a/clusters/game-cluster",
            "service_external_ips_config": [
              {
                "enabled": false
              }
            ],
            "services_ipv4_cidr": "10.30.0.0/20",
            "subnetwork": "projects/game-465613/regions/europe-central2/subnetworks/game-subnet",
            "timeouts": null,
            "tpu_ipv4_cidr_block": "",
            "vertical_pod_autoscaling": [],
            "workload_identity_config": [
              {
                "workload_pool": "game-465613.svc.id.goog"
              }
            ]
          },
          "sensitive_attributes": [
            [
              {
                "type": "get_attr",
                "value": "master_auth"
              },
              {
                "type": "index",
                "value": {
                  "value": 0,
                  "type": "number"
                }
              },
              {
                "type": "get_attr",
                "value": "client_key"
              }
            ],
            [
              {
                "type": "get_attr",
                "value": "workload_identity_config"
              },
              {
                "type": "index",
                "value": {
                  "value": 0,
                  "type": "number"
                }
              },
              {
                "type": "get_attr",
                "value": "workload_pool"
              }
            ]
          ],
          "identity_schema_version": 0,
          "private": "eyJlMmJmYjczMC1lY2FhLTExZTYtOGY4OC0zNDM2M2JjN2M0YzAiOnsiY3JlYXRlIjoyNDAwMDAwMDAwMDAwLCJkZWxldGUiOjI0MDAwMDAwMDAwMDAsInJlYWQiOjI0MDAwMDAwMDAwMDAsInVwZGF0ZSI6MzYwMDAwMDAwMDAwMH0sInNjaGVtYV92ZXJzaW9uIjoiMiJ9",
          "dependencies": [
            "google_compute_network.game_vpc",
            "google_compute_subnetwork.game_subnet",
            "google_service_account.gke_node_sa"
          ]
        }
      ]
    },
    {
      "mode": "managed",
      "type": "google_iam_workload_identity_pool",
      "name": "github_pool",
      "provider": "provider[\"registry.terraform.io/hashicorp/google\"]",
      "instances": [
        {
          "schema_version": 0,
          "attributes": {
            "description": "",
            "disabled": false,
            "display_name": "GitHub Actions Pool",
            "id": "projects/game-465613/locations/global/workloadIdentityPools/github-pool",
            "name": "projects/613037157890/locations/global/workloadIdentityPools/github-pool",
            "project": "game-465613",
            "state": "ACTIVE",
            "timeouts": null,
            "workload_identity_pool_id": "github-pool"
          },
          "sensitive_attributes": [
            [
              {
                "type": "get_attr",
                "value": "project"
              }
            ]
          ],
          "identity_schema_version": 0,
          "private": "eyJlMmJmYjczMC1lY2FhLTExZTYtOGY4OC0zNDM2M2JjN2M0YzAiOnsiY3JlYXRlIjoxMjAwMDAwMDAwMDAwLCJkZWxldGUiOjEyMDAwMDAwMDAwMDAsInVwZGF0ZSI6MTIwMDAwMDAwMDAwMH19"
        }
      ]
    },
    {
      "mode": "managed",
      "type": "google_iam_workload_identity_pool_provider",
      "name": "github_cd_provider_control_server",
      "provider": "provider[\"registry.terraform.io/hashicorp/google\"]",
      "instances": [
        {
          "schema_version": 0,
          "attributes": {
            "attribute_condition": "assertion.repository == \"Patryk2208/game-control-server\" \u0026\u0026\nassertion.workflow == \"CD\" \u0026\u0026\nassertion.ref == \"refs/heads/main\"\n",
            "attribute_mapping": {
              "attribute.actor": "assertion.actor",
              "attribute.ref": "assertion.ref",
              "attribute.repository": "assertion.repository",
              "attribute.workflow": "assertion.workflow",
              "google.subject": "assertion.sub"
            },
            "aws": [],
            "description": "",
            "disabled": false,
            "display_name": "GHA CD for control-server",
            "id": "projects/game-465613/locations/global/workloadIdentityPools/github-pool/providers/cd-provider-control-server",
            "name": "projects/613037157890/locations/global/workloadIdentityPools/github-pool/providers/cd-provider-control-server",
            "oidc": [
              {
                "allowed_audiences": [],
                "issuer_uri": "https://token.actions.githubusercontent.com",
                "jwks_json": ""
              }
            ],
            "project": "game-465613",
            "saml": [],
            "state": "ACTIVE",
            "timeouts": null,
            "workload_identity_pool_id": "github-pool",
            "workload_identity_pool_provider_id": "cd-provider-control-server"
          },
          "sensitive_attributes": [],
          "identity_schema_version": 0,
          "private": "eyJlMmJmYjczMC1lY2FhLTExZTYtOGY4OC0zNDM2M2JjN2M0YzAiOnsiY3JlYXRlIjoxMjAwMDAwMDAwMDAwLCJkZWxldGUiOjEyMDAwMDAwMDAwMDAsInVwZGF0ZSI6MTIwMDAwMDAwMDAwMH19",
          "dependencies": [
            "google_iam_workload_identity_pool.github_pool"
          ]
        }
      ]
    },
    {
      "mode": "managed",
      "type": "google_iam_workload_identity_pool_provider",
      "name": "github_cd_provider_gameserver",
      "provider": "provider[\"registry.terraform.io/hashicorp/google\"]",
      "instances": [
        {
          "schema_version": 0,
          "attributes": {
            "attribute_condition": "assertion.repository == \"Patryk2208/console-game-ood\" \u0026\u0026\nassertion.workflow == \"CD\" \u0026\u0026\nassertion.ref == \"refs/heads/main\"\n",
            "attribute_mapping": {
              "attribute.actor": "assertion.actor",
              "attribute.ref": "assertion.ref",
              "attribute.repository": "assertion.repository",
              "attribute.workflow": "assertion.workflow",
              "google.subject": "assertion.sub"
            },
            "aws": [],
            "description": "",
            "disabled": false,
            "display_name": "GHA CD for gameserver",
            "id": "projects/game-465613/locations/global/workloadIdentityPools/github-pool/providers/cd-provider-gameserver",
            "name": "projects/613037157890/locations/global/workloadIdentityPools/github-pool/providers/cd-provider-gameserver",
            "oidc": [
              {
                "allowed_audiences": [],
                "issuer_uri": "https://token.actions.githubusercontent.com",
                "jwks_json": ""
              }
            ],
            "project": "game-465613",
            "saml": [],
            "state": "ACTIVE",
            "timeouts": null,
            "workload_identity_pool_id": "github-pool",
            "workload_identity_pool_provider_id": "cd-provider-gameserver"
          },
          "sensitive_attributes": [],
          "identity_schema_version": 0,
          "private": "eyJlMmJmYjczMC1lY2FhLTExZTYtOGY4OC0zNDM2M2JjN2M0YzAiOnsiY3JlYXRlIjoxMjAwMDAwMDAwMDAwLCJkZWxldGUiOjEyMDAwMDAwMDAwMDAsInVwZGF0ZSI6MTIwMDAwMDAwMDAwMH19",
          "dependencies": [
            "google_iam_workload_identity_pool.github_pool"
          ]
        }
      ]
    },
    {
      "mode": "managed",
      "type": "google_iam_workload_identity_pool_provider",
      "name": "github_ci_provider_control_server",
      "provider": "provider[\"registry.terraform.io/hashicorp/google\"]",
      "instances": [
        {
          "schema_version": 0,
          "attributes": {
            "attribute_condition": "assertion.repository == \"Patryk2208/game-control-server\" \u0026\u0026\nassertion.workflow == \"CI\" \u0026\u0026\nassertion.ref == \"refs/heads/main\"\n",
            "attribute_mapping": {
              "attribute.actor": "assertion.actor",
              "attribute.ref": "assertion.ref",
              "attribute.repository": "assertion.repository",
              "attribute.workflow": "assertion.workflow",
              "google.subject": "assertion.sub"
            },
            "aws": [],
            "description": "",
            "disabled": false,
            "display_name": "GHA CI for control-server",
            "id": "projects/game-465613/locations/global/workloadIdentityPools/github-pool/providers/ci-provider-control-server",
            "name": "projects/613037157890/locations/global/workloadIdentityPools/github-pool/providers/ci-provider-control-server",
            "oidc": [
              {
                "allowed_audiences": [],
                "issuer_uri": "https://token.actions.githubusercontent.com",
                "jwks_json": ""
              }
            ],
            "project": "game-465613",
            "saml": [],
            "state": "ACTIVE",
            "timeouts": null,
            "workload_identity_pool_id": "github-pool",
            "workload_identity_pool_provider_id": "ci-provider-control-server"
          },
          "sensitive_attributes": [],
          "identity_schema_version": 0,
          "private": "eyJlMmJmYjczMC1lY2FhLTExZTYtOGY4OC0zNDM2M2JjN2M0YzAiOnsiY3JlYXRlIjoxMjAwMDAwMDAwMDAwLCJkZWxldGUiOjEyMDAwMDAwMDAwMDAsInVwZGF0ZSI6MTIwMDAwMDAwMDAwMH19",
          "dependencies": [
            "google_iam_workload_identity_pool.github_pool"
          ]
        }
      ]
    },
    {
      "mode": "managed",
      "type": "google_iam_workload_identity_pool_provider",
      "name": "github_ci_provider_gameserver",
      "provider": "provider[\"registry.terraform.io/hashicorp/google\"]",
      "instances": [
        {
          "schema_version": 0,
          "attributes": {
            "attribute_condition": "assertion.repository == \"Patryk2208/console-game-ood\" \u0026\u0026\nassertion.workflow == \"CI\" \u0026\u0026\nassertion.ref == \"refs/heads/main\"\n",
            "attribute_mapping": {
              "attribute.actor": "assertion.actor",
              "attribute.ref": "assertion.ref",
              "attribute.repository": "assertion.repository",
              "attribute.workflow": "assertion.workflow",
              "google.subject": "assertion.sub"
            },
            "aws": [],
            "description": "",
            "disabled": false,
            "display_name": "GHA CI for gameserver",
            "id": "projects/game-465613/locations/global/workloadIdentityPools/github-pool/providers/ci-provider-gameserver",
            "name": "projects/613037157890/locations/global/workloadIdentityPools/github-pool/providers/ci-provider-gameserver",
            "oidc": [
              {
                "allowed_audiences": [],
                "issuer_uri": "https://token.actions.githubusercontent.com",
                "jwks_json": ""
              }
            ],
            "project": "game-465613",
            "saml": [],
            "state": "ACTIVE",
            "timeouts": null,
            "workload_identity_pool_id": "github-pool",
            "workload_identity_pool_provider_id": "ci-provider-gameserver"
          },
          "sensitive_attributes": [],
          "identity_schema_version": 0,
          "private": "eyJlMmJmYjczMC1lY2FhLTExZTYtOGY4OC0zNDM2M2JjN2M0YzAiOnsiY3JlYXRlIjoxMjAwMDAwMDAwMDAwLCJkZWxldGUiOjEyMDAwMDAwMDAwMDAsInVwZGF0ZSI6MTIwMDAwMDAwMDAwMH19",
          "dependencies": [
            "google_iam_workload_identity_pool.github_pool"
          ]
        }
      ]
    },
    {
      "mode": "managed",
      "type": "google_project_iam_member",
      "name": "deployer_roles",
      "provider": "provider[\"registry.terraform.io/hashicorp/google\"]",
      "instances": [
        {
          "index_key": "roles/artifactregistry.admin",
          "schema_version": 0,
          "attributes": {
            "condition": [],
            "etag": "BwY62LmpppI=",
            "id": "game-465613/roles/artifactregistry.admin/serviceAccount:github-deployer@game-465613.iam.gserviceaccount.com",
            "member": "serviceAccount:github-deployer@game-465613.iam.gserviceaccount.com",
            "project": "game-465613",
            "role": "roles/artifactregistry.admin"
          },
          "sensitive_attributes": [
            [
              {
                "type": "get_attr",
                "value": "project"
              }
            ]
          ],
          "identity_schema_version": 0,
          "private": "bnVsbA==",
          "dependencies": [
            "google_service_account.github_deployer"
          ]
        },
        {
          "index_key": "roles/container.developer",
          "schema_version": 0,
          "attributes": {
            "condition": [],
            "etag": "BwY62LmpppI=",
            "id": "game-465613/roles/container.developer/serviceAccount:github-deployer@game-465613.iam.gserviceaccount.com",
            "member": "serviceAccount:github-deployer@game-465613.iam.gserviceaccount.com",
            "project": "game-465613",
            "role": "roles/container.developer"
          },
          "sensitive_attributes": [
            [
              {
                "type": "get_attr",
                "value": "project"
              }
            ]
          ],
          "identity_schema_version": 0,
          "private": "bnVsbA==",
          "dependencies": [
            "google_service_account.github_deployer"
          ]
        },
        {
          "index_key": "roles/storage.admin",
          "schema_version": 0,
          "attributes": {
            "condition": [],
            "etag": "BwY62LmpppI=",
            "id": "game-465613/roles/storage.admin/serviceAccount:github-deployer@game-465613.iam.gserviceaccount.com",
            "member": "serviceAccount:github-deployer@game-465613.iam.gserviceaccount.com",
            "project": "game-465613",
            "role": "roles/storage.admin"
          },
          "sensitive_attributes": [
            [
              {
                "type": "get_attr",
                "value": "project"
              }
            ]
          ],
          "identity_schema_version": 0,
          "private": "bnVsbA==",
          "dependencies": [
            "google_service_account.github_deployer"
          ]
        }
      ]
    },
    {
      "mode": "managed",
      "type": "google_project_iam_member",
      "name": "node_roles",
      "provider": "provider[\"registry.terraform.io/hashicorp/google\"]",
      "instances": [
        {
          "index_key": "roles/compute.storageAdmin",
          "schema_version": 0,
          "attributes": {
            "condition": [],
            "etag": "BwY62LmpppI=",
            "id": "game-465613/roles/compute.storageAdmin/serviceAccount:gke-node-sa@game-465613.iam.gserviceaccount.com",
            "member": "serviceAccount:gke-node-sa@game-465613.iam.gserviceaccount.com",
            "project": "game-465613",
            "role": "roles/compute.storageAdmin"
          },
          "sensitive_attributes": [
            [
              {
                "type": "get_attr",
                "value": "project"
              }
            ]
          ],
          "identity_schema_version": 0,
          "private": "bnVsbA==",
          "dependencies": [
            "google_service_account.gke_node_sa"
          ]
        },
        {
          "index_key": "roles/container.defaultNodeServiceAccount",
          "schema_version": 0,
          "attributes": {
            "condition": [],
            "etag": "BwY62LmpppI=",
            "id": "game-465613/roles/container.defaultNodeServiceAccount/serviceAccount:gke-node-sa@game-465613.iam.gserviceaccount.com",
            "member": "serviceAccount:gke-node-sa@game-465613.iam.gserviceaccount.com",
            "project": "game-465613",
            "role": "roles/container.defaultNodeServiceAccount"
          },
          "sensitive_attributes": [
            [
              {
                "type": "get_attr",
                "value": "project"
              }
            ]
          ],
          "identity_schema_version": 0,
          "private": "bnVsbA==",
          "dependencies": [
            "google_service_account.gke_node_sa"
          ]
        }
      ]
    },
    {
      "mode": "managed",
      "type": "google_project_iam_member",
      "name": "sa_roles",
      "provider": "provider[\"registry.terraform.io/hashicorp/google\"]",
      "instances": [
        {
          "index_key": "roles/artifactregistry.admin",
          "schema_version": 0,
          "attributes": {
            "condition": [],
            "etag": "BwY62LmpppI=",
            "id": "game-465613/roles/artifactregistry.admin/serviceAccount:tf-runner@game-465613.iam.gserviceaccount.com",
            "member": "serviceAccount:tf-runner@game-465613.iam.gserviceaccount.com",
            "project": "game-465613",
            "role": "roles/artifactregistry.admin"
          },
          "sensitive_attributes": [
            [
              {
                "type": "get_attr",
                "value": "project"
              }
            ]
          ],
          "identity_schema_version": 0,
          "private": "bnVsbA==",
          "dependencies": [
            "google_service_account.tf_runner"
          ]
        },
        {
          "index_key": "roles/compute.networkAdmin",
          "schema_version": 0,
          "attributes": {
            "condition": [],
            "etag": "BwY62LmpppI=",
            "id": "game-465613/roles/compute.networkAdmin/serviceAccount:tf-runner@game-465613.iam.gserviceaccount.com",
            "member": "serviceAccount:tf-runner@game-465613.iam.gserviceaccount.com",
            "project": "game-465613",
            "role": "roles/compute.networkAdmin"
          },
          "sensitive_attributes": [
            [
              {
                "type": "get_attr",
                "value": "project"
              }
            ]
          ],
          "identity_schema_version": 0,
          "private": "bnVsbA==",
          "dependencies": [
            "google_service_account.tf_runner"
          ]
        },
        {
          "index_key": "roles/compute.securityAdmin",
          "schema_version": 0,
          "attributes": {
            "condition": [],
            "etag": "BwY62LmpppI=",
            "id": "game-465613/roles/compute.securityAdmin/serviceAccount:tf-runner@game-465613.iam.gserviceaccount.com",
            "member": "serviceAccount:tf-runner@game-465613.iam.gserviceaccount.com",
            "project": "game-465613",
            "role": "roles/compute.securityAdmin"
          },
          "sensitive_attributes": [
            [
              {
                "type": "get_attr",
                "value": "project"
              }
            ]
          ],
          "identity_schema_version": 0,
          "private": "bnVsbA==",
          "dependencies": [
            "google_service_account.tf_runner"
          ]
        },
        {
          "index_key": "roles/container.admin",
          "schema_version": 0,
          "attributes": {
            "condition": [],
            "etag": "BwY62LmpppI=",
            "id": "game-465613/roles/container.admin/serviceAccount:tf-runner@game-465613.iam.gserviceaccount.com",
            "member": "serviceAccount:tf-runner@game-465613.iam.gserviceaccount.com",
            "project": "game-465613",
            "role": "roles/container.admin"
          },
          "sensitive_attributes": [
            [
              {
                "type": "get_attr",
                "value": "project"
              }
            ]
          ],
          "identity_schema_version": 0,
          "private": "bnVsbA==",
          "dependencies": [
            "google_service_account.tf_runner"
          ]
        },
        {
          "index_key": "roles/iam.serviceAccountAdmin",
          "schema_version": 0,
          "attributes": {
            "condition": [],
            "etag": "BwY62LmpppI=",
            "id": "game-465613/roles/iam.serviceAccountAdmin/serviceAccount:tf-runner@game-465613.iam.gserviceaccount.com",
            "member": "serviceAccount:tf-runner@game-465613.iam.gserviceaccount.com",
            "project": "game-465613",
            "role": "roles/iam.serviceAccountAdmin"
          },
          "sensitive_attributes": [
            [
              {
                "type": "get_attr",
                "value": "project"
              }
            ]
          ],
          "identity_schema_version": 0,
          "private": "bnVsbA==",
          "dependencies": [
            "google_service_account.tf_runner"
          ]
        },
        {
          "index_key": "roles/iam.workloadIdentityPoolAdmin",
          "schema_version": 0,
          "attributes": {
            "condition": [],
            "etag": "BwY62LmpppI=",
            "id": "game-465613/roles/iam.workloadIdentityPoolAdmin/serviceAccount:tf-runner@game-465613.iam.gserviceaccount.com",
            "member": "serviceAccount:tf-runner@game-465613.iam.gserviceaccount.com",
            "project": "game-465613",
            "role": "roles/iam.workloadIdentityPoolAdmin"
          },
          "sensitive_attributes": [
            [
              {
                "type": "get_attr",
                "value": "project"
              }
            ]
          ],
          "identity_schema_version": 0,
          "private": "bnVsbA==",
          "dependencies": [
            "google_service_account.tf_runner"
          ]
        },
        {
          "index_key": "roles/logging.admin",
          "schema_version": 0,
          "attributes": {
            "condition": [],
            "etag": "BwY62LmpppI=",
            "id": "game-465613/roles/logging.admin/serviceAccount:tf-runner@game-465613.iam.gserviceaccount.com",
            "member": "serviceAccount:tf-runner@game-465613.iam.gserviceaccount.com",
            "project": "game-465613",
            "role": "roles/logging.admin"
          },
          "sensitive_attributes": [
            [
              {
                "type": "get_attr",
                "value": "project"
              }
            ]
          ],
          "identity_schema_version": 0,
          "private": "bnVsbA==",
          "dependencies": [
            "google_service_account.tf_runner"
          ]
        },
        {
          "index_key": "roles/monitoring.admin",
          "schema_version": 0,
          "attributes": {
            "condition": [],
            "etag": "BwY62LmpppI=",
            "id": "game-465613/roles/monitoring.admin/serviceAccount:tf-runner@game-465613.iam.gserviceaccount.com",
            "member": "serviceAccount:tf-runner@game-465613.iam.gserviceaccount.com",
            "project": "game-465613",
            "role": "roles/monitoring.admin"
          },
          "sensitive_attributes": [
            [
              {
                "type": "get_attr",
                "value": "project"
              }
            ]
          ],
          "identity_schema_version": 0,
          "private": "bnVsbA==",
          "dependencies": [
            "google_service_account.tf_runner"
          ]
        },
        {
          "index_key": "roles/resourcemanager.projectIamAdmin",
          "schema_version": 0,
          "attributes": {
            "condition": [],
            "etag": "BwY62LmpppI=",
            "id": "game-465613/roles/resourcemanager.projectIamAdmin/serviceAccount:tf-runner@game-465613.iam.gserviceaccount.com",
            "member": "serviceAccount:tf-runner@game-465613.iam.gserviceaccount.com",
            "project": "game-465613",
            "role": "roles/resourcemanager.projectIamAdmin"
          },
          "sensitive_attributes": [
            [
              {
                "type": "get_attr",
                "value": "project"
              }
            ]
          ],
          "identity_schema_version": 0,
          "private": "bnVsbA==",
          "dependencies": [
            "google_service_account.tf_runner"
          ]
        },
        {
          "index_key": "roles/serviceusage.serviceUsageAdmin",
          "schema_version": 0,
          "attributes": {
            "condition": [],
            "etag": "BwY62LmpppI=",
            "id": "game-465613/roles/serviceusage.serviceUsageAdmin/serviceAccount:tf-runner@game-465613.iam.gserviceaccount.com",
            "member": "serviceAccount:tf-runner@game-465613.iam.gserviceaccount.com",
            "project": "game-465613",
            "role": "roles/serviceusage.serviceUsageAdmin"
          },
          "sensitive_attributes": [
            [
              {
                "type": "get_attr",
                "value": "project"
              }
            ]
          ],
          "identity_schema_version": 0,
          "private": "bnVsbA==",
          "dependencies": [
            "google_service_account.tf_runner"
          ]
        }
      ]
    },
    {
      "mode": "managed",
      "type": "google_project_service",
      "name": "services",
      "provider": "provider[\"registry.terraform.io/hashicorp/google\"]",
      "instances": [
        {
          "index_key": "artifactregistry.googleapis.com",
          "schema_version": 0,
          "attributes": {
            "disable_dependent_services": null,
            "disable_on_destroy": false,
            "id": "game-465613/artifactregistry.googleapis.com",
            "project": "game-465613",
            "service": "artifactregistry.googleapis.com",
            "timeouts": null
          },
          "sensitive_attributes": [],
          "identity_schema_version": 0,
          "private": "eyJlMmJmYjczMC1lY2FhLTExZTYtOGY4OC0zNDM2M2JjN2M0YzAiOnsiY3JlYXRlIjoxMjAwMDAwMDAwMDAwLCJkZWxldGUiOjEyMDAwMDAwMDAwMDAsInJlYWQiOjYwMDAwMDAwMDAwMCwidXBkYXRlIjoxMjAwMDAwMDAwMDAwfX0="
        },
        {
          "index_key": "compute.googleapis.com",
          "schema_version": 0,
          "attributes": {
            "disable_dependent_services": null,
            "disable_on_destroy": false,
            "id": "game-465613/compute.googleapis.com",
            "project": "game-465613",
            "service": "compute.googleapis.com",
            "timeouts": null
          },
          "sensitive_attributes": [],
          "identity_schema_version": 0,
          "private": "eyJlMmJmYjczMC1lY2FhLTExZTYtOGY4OC0zNDM2M2JjN2M0YzAiOnsiY3JlYXRlIjoxMjAwMDAwMDAwMDAwLCJkZWxldGUiOjEyMDAwMDAwMDAwMDAsInJlYWQiOjYwMDAwMDAwMDAwMCwidXBkYXRlIjoxMjAwMDAwMDAwMDAwfX0="
        },
        {
          "index_key": "container.googleapis.com",
          "schema_version": 0,
          "attributes": {
            "disable_dependent_services": null,
            "disable_on_destroy": false,
            "id": "game-465613/container.googleapis.com",
            "project": "game-465613",
            "service": "container.googleapis.com",
            "timeouts": null
          },
          "sensitive_attributes": [],
          "identity_schema_version": 0,
          "private": "eyJlMmJmYjczMC1lY2FhLTExZTYtOGY4OC0zNDM2M2JjN2M0YzAiOnsiY3JlYXRlIjoxMjAwMDAwMDAwMDAwLCJkZWxldGUiOjEyMDAwMDAwMDAwMDAsInJlYWQiOjYwMDAwMDAwMDAwMCwidXBkYXRlIjoxMjAwMDAwMDAwMDAwfX0="
        }
      ]
    },
    {
      "mode": "managed",
      "type": "google_service_account",
      "name": "github_deployer",
      "provider": "provider[\"registry.terraform.io/hashicorp/google\"]",
      "instances": [
        {
          "schema_version": 0,
          "attributes": {
            "account_id": "github-deployer",
            "create_ignore_already_exists": null,
            "description": "",
            "disabled": false,
            "display_name": "GitHub Actions Deployment Account",
            "email": "github-deployer@game-465613.iam.gserviceaccount.com",
            "id": "projects/game-465613/serviceAccounts/github-deployer@game-465613.iam.gserviceaccount.com",
            "member": "serviceAccount:github-deployer@game-465613.iam.gserviceaccount.com",
            "name": "projects/game-465613/serviceAccounts/github-deployer@game-465613.iam.gserviceaccount.com",
            "project": "game-465613",
            "timeouts": null,
            "unique_id": "115801993687995360710"
          },
          "sensitive_attributes": [],
          "identity_schema_version": 0,
          "private": "eyJlMmJmYjczMC1lY2FhLTExZTYtOGY4OC0zNDM2M2JjN2M0YzAiOnsiY3JlYXRlIjozMDAwMDAwMDAwMDB9fQ=="
        }
      ]
    },
    {
      "mode": "managed",
      "type": "google_service_account",
      "name": "gke_node_sa",
      "provider": "provider[\"registry.terraform.io/hashicorp/google\"]",
      "instances": [
        {
          "schema_version": 0,
          "attributes": {
            "account_id": "gke-node-sa",
            "create_ignore_already_exists": null,
            "description": "",
            "disabled": false,
            "display_name": "GKE Node Service Account",
            "email": "gke-node-sa@game-465613.iam.gserviceaccount.com",
            "id": "projects/game-465613/serviceAccounts/gke-node-sa@game-465613.iam.gserviceaccount.com",
            "member": "serviceAccount:gke-node-sa@game-465613.iam.gserviceaccount.com",
            "name": "projects/game-465613/serviceAccounts/gke-node-sa@game-465613.iam.gserviceaccount.com",
            "project": "game-465613",
            "timeouts": null,
            "unique_id": "106923299212622800680"
          },
          "sensitive_attributes": [],
          "identity_schema_version": 0,
          "private": "eyJlMmJmYjczMC1lY2FhLTExZTYtOGY4OC0zNDM2M2JjN2M0YzAiOnsiY3JlYXRlIjozMDAwMDAwMDAwMDB9fQ=="
        }
      ]
    },
    {
      "mode": "managed",
      "type": "google_service_account",
      "name": "tf_runner",
      "provider": "provider[\"registry.terraform.io/hashicorp/google\"]",
      "instances": [
        {
          "schema_version": 0,
          "attributes": {
            "account_id": "tf-runner",
            "create_ignore_already_exists": null,
            "description": "",
            "disabled": false,
            "display_name": "Terraform Deployment Account",
            "email": "tf-runner@game-465613.iam.gserviceaccount.com",
            "id": "projects/game-465613/serviceAccounts/tf-runner@game-465613.iam.gserviceaccount.com",
            "member": "serviceAccount:tf-runner@game-465613.iam.gserviceaccount.com",
            "name": "projects/game-465613/serviceAccounts/tf-runner@game-465613.iam.gserviceaccount.com",
            "project": "game-465613",
            "timeouts": null,
            "unique_id": "116992731714674868568"
          },
          "sensitive_attributes": [],
          "identity_schema_version": 0,
          "private": "eyJlMmJmYjczMC1lY2FhLTExZTYtOGY4OC0zNDM2M2JjN2M0YzAiOnsiY3JlYXRlIjozMDAwMDAwMDAwMDB9fQ=="
        }
      ]
    },
    {
      "mode": "managed",
      "type": "google_service_account_iam_member",
      "name": "allow_tf_runner_to_use_gke_node_sa",
      "provider": "provider[\"registry.terraform.io/hashicorp/google\"]",
      "instances": [
        {
          "schema_version": 0,
          "attributes": {
            "condition": [],
            "etag": "BwY6sfvSjFo=",
            "id": "projects/game-465613/serviceAccounts/gke-node-sa@game-465613.iam.gserviceaccount.com/roles/iam.serviceAccountUser/serviceAccount:tf-runner@game-465613.iam.gserviceaccount.com",
            "member": "serviceAccount:tf-runner@game-465613.iam.gserviceaccount.com",
            "role": "roles/iam.serviceAccountUser",
            "service_account_id": "projects/game-465613/serviceAccounts/gke-node-sa@game-465613.iam.gserviceaccount.com"
          },
          "sensitive_attributes": [
            [
              {
                "type": "get_attr",
                "value": "service_account_id"
              }
            ]
          ],
          "identity_schema_version": 0,
          "private": "bnVsbA==",
          "dependencies": [
            "google_service_account.gke_node_sa",
            "google_service_account.tf_runner"
          ]
        }
      ]
    },
    {
      "mode": "managed",
      "type": "google_service_account_iam_member",
      "name": "workload_identity_control_server",
      "provider": "provider[\"registry.terraform.io/hashicorp/google\"]",
      "instances": [
        {
          "schema_version": 0,
          "attributes": {
            "condition": [],
            "etag": "BwY6ySzZQlU=",
            "id": "projects/game-465613/serviceAccounts/github-deployer@game-465613.iam.gserviceaccount.com/roles/iam.workloadIdentityUser/principalSet://iam.googleapis.com/projects/613037157890/locations/global/workloadIdentityPools/github-pool/attribute.repository/Patryk2208/game-control-server",
            "member": "principalSet://iam.googleapis.com/projects/613037157890/locations/global/workloadIdentityPools/github-pool/attribute.repository/Patryk2208/game-control-server",
            "role": "roles/iam.workloadIdentityUser",
            "service_account_id": "projects/game-465613/serviceAccounts/github-deployer@game-465613.iam.gserviceaccount.com"
          },
          "sensitive_attributes": [],
          "identity_schema_version": 0,
          "private": "bnVsbA==",
          "dependencies": [
            "google_iam_workload_identity_pool.github_pool",
            "google_service_account.github_deployer"
          ]
        }
      ]
    },
    {
      "mode": "managed",
      "type": "google_service_account_iam_member",
      "name": "workload_identity_gameserver",
      "provider": "provider[\"registry.terraform.io/hashicorp/google\"]",
      "instances": [
        {
          "schema_version": 0,
          "attributes": {
            "condition": [],
            "etag": "BwY6ySzZQlU=",
            "id": "projects/game-465613/serviceAccounts/github-deployer@game-465613.iam.gserviceaccount.com/roles/iam.workloadIdentityUser/principalSet://iam.googleapis.com/projects/613037157890/locations/global/workloadIdentityPools/github-pool/attribute.repository/Patryk2208/console-game-ood",
            "member": "principalSet://iam.googleapis.com/projects/613037157890/locations/global/workloadIdentityPools/github-pool/attribute.repository/Patryk2208/console-game-ood",
            "role": "roles/iam.workloadIdentityUser",
            "service_account_id": "projects/game-465613/serviceAccounts/github-deployer@game-465613.iam.gserviceaccount.com"
          },
          "sensitive_attributes": [],
          "identity_schema_version": 0,
          "private": "bnVsbA==",
          "dependencies": [
            "google_iam_workload_identity_pool.github_pool",
            "google_service_account.github_deployer"
          ]
        }
      ]
    }
  ],
  "check_results": null
}
